// !$*UTF8*$!
{
	archiveVersion = 1;
	classes = {
	};
	objectVersion = 50;
	objects = {

/* Begin PBXBuildFile section */
		786F16F427BE082600FB6763 /* AppDelegate.swift in Sources */ = {isa = PBXBuildFile; fileRef = 786F16F327BE082600FB6763 /* AppDelegate.swift */; };
		786F16F627BE082600FB6763 /* SceneDelegate.swift in Sources */ = {isa = PBXBuildFile; fileRef = 786F16F527BE082600FB6763 /* SceneDelegate.swift */; };
		786F16F827BE082600FB6763 /* ViewController.swift in Sources */ = {isa = PBXBuildFile; fileRef = 786F16F727BE082600FB6763 /* ViewController.swift */; };
		786F16FB27BE082600FB6763 /* Main.storyboard in Resources */ = {isa = PBXBuildFile; fileRef = 786F16F927BE082600FB6763 /* Main.storyboard */; };
		786F16FD27BE082700FB6763 /* Assets.xcassets in Resources */ = {isa = PBXBuildFile; fileRef = 786F16FC27BE082700FB6763 /* Assets.xcassets */; };
		786F170027BE082700FB6763 /* LaunchScreen.storyboard in Resources */ = {isa = PBXBuildFile; fileRef = 786F16FE27BE082700FB6763 /* LaunchScreen.storyboard */; };
		786F170927BE0E3D00FB6763 /* signupViewController.swift in Sources */ = {isa = PBXBuildFile; fileRef = 786F170827BE0E3D00FB6763 /* signupViewController.swift */; };
		786F170C27BE277D00FB6763 /* TabViewController.swift in Sources */ = {isa = PBXBuildFile; fileRef = 786F170B27BE277D00FB6763 /* TabViewController.swift */; };
/* End PBXBuildFile section */

/* Begin PBXFileReference section */
		786F16F027BE082600FB6763 /* log1.app */ = {isa = PBXFileReference; explicitFileType = wrapper.application; includeInIndex = 0; path = log1.app; sourceTree = BUILT_PRODUCTS_DIR; };
		786F16F327BE082600FB6763 /* AppDelegate.swift */ = {isa = PBXFileReference; lastKnownFileType = sourcecode.swift; path = AppDelegate.swift; sourceTree = "<group>"; };
		786F16F527BE082600FB6763 /* SceneDelegate.swift */ = {isa = PBXFileReference; lastKnownFileType = sourcecode.swift; path = SceneDelegate.swift; sourceTree = "<group>"; };
		786F16F727BE082600FB6763 /* ViewController.swift */ = {isa = PBXFileReference; lastKnownFileType = sourcecode.swift; path = ViewController.swift; sourceTree = "<group>"; };
		786F16FA27BE082600FB6763 /* Base */ = {isa = PBXFileReference; lastKnownFileType = file.storyboard; name = Base; path = Base.lproj/Main.storyboard; sourceTree = "<group>"; };
		786F16FC27BE082700FB6763 /* Assets.xcassets */ = {isa = PBXFileReference; lastKnownFileType = folder.assetcatalog; path = Assets.xcassets; sourceTree = "<group>"; };
		786F16FF27BE082700FB6763 /* Base */ = {isa = PBXFileReference; lastKnownFileType = file.storyboard; name = Base; path = Base.lproj/LaunchScreen.storyboard; sourceTree = "<group>"; };
		786F170127BE082700FB6763 /* Info.plist */ = {isa = PBXFileReference; lastKnownFileType = text.plist.xml; path = Info.plist; sourceTree = "<group>"; };
		786F170827BE0E3D00FB6763 /* signupViewController.swift */ = {isa = PBXFileReference; lastKnownFileType = sourcecode.swift; path = signupViewController.swift; sourceTree = "<group>"; };
		786F170B27BE277D00FB6763 /* TabViewController.swift */ = {isa = PBXFileReference; lastKnownFileType = sourcecode.swift; path = TabViewController.swift; sourceTree = "<group>"; };
/* End PBXFileReference section */

/* Begin PBXFrameworksBuildPhase section */
		786F16ED27BE082600FB6763 /* Frameworks */ = {
			isa = PBXFrameworksBuildPhase;
			buildActionMask = 2147483647;
			files = (
			);
			runOnlyForDeploymentPostprocessing = 0;
		};
/* End PBXFrameworksBuildPhase section */

/* Begin PBXGroup section */
		786F16E727BE082600FB6763 = {
			isa = PBXGroup;
			children = (
				786F16F227BE082600FB6763 /* log1 */,
				786F16F127BE082600FB6763 /* Products */,
			);
			sourceTree = "<group>";
		};
		786F16F127BE082600FB6763 /* Products */ = {
			isa = PBXGroup;
			children = (
				786F16F027BE082600FB6763 /* log1.app */,
			);
			name = Products;
			sourceTree = "<group>";
		};
		786F16F227BE082600FB6763 /* log1 */ = {
			isa = PBXGroup;
			children = (
				786F16F327BE082600FB6763 /* AppDelegate.swift */,
				786F16F527BE082600FB6763 /* SceneDelegate.swift */,
				786F16F727BE082600FB6763 /* ViewController.swift */,
				786F16F927BE082600FB6763 /* Main.storyboard */,
				786F170B27BE277D00FB6763 /* TabViewController.swift */,
				786F170827BE0E3D00FB6763 /* signupViewController.swift */,
				786F16FC27BE082700FB6763 /* Assets.xcassets */,
				786F16FE27BE082700FB6763 /* LaunchScreen.storyboard */,
				786F170127BE082700FB6763 /* Info.plist */,
			);
			path = log1;
			sourceTree = "<group>";
		};
/* End PBXGroup section */

/* Begin PBXNativeTarget section */
		786F16EF27BE082600FB6763 /* log1 */ = {
			isa = PBXNativeTarget;
			buildConfigurationList = 786F170427BE082700FB6763 /* Build configuration list for PBXNativeTarget "log1" */;
			buildPhases = (
				786F16EC27BE082600FB6763 /* Sources */,
				786F16ED27BE082600FB6763 /* Frameworks */,
				786F16EE27BE082600FB6763 /* Resources */,
			);
			buildRules = (
			);
			dependencies = (
			);
			name = log1;
			productName = log1;
			productReference = 786F16F027BE082600FB6763 /* log1.app */;
			productType = "com.apple.product-type.application";
		};
/* End PBXNativeTarget section */

/* Begin PBXProject section */
		786F16E827BE082600FB6763 /* Project object */ = {
			isa = PBXProject;
			attributes = {
				LastSwiftUpdateCheck = 1230;
				LastUpgradeCheck = 1230;
				TargetAttributes = {
					786F16EF27BE082600FB6763 = {
						CreatedOnToolsVersion = 12.3;
					};
				};
			};
			buildConfigurationList = 786F16EB27BE082600FB6763 /* Build configuration list for PBXProject "log1" */;
			compatibilityVersion = "Xcode 9.3";
			developmentRegion = en;
			hasScannedForEncodings = 0;
			knownRegions = (
				en,
				Base,
			);
			mainGroup = 786F16E727BE082600FB6763;
			productRefGroup = 786F16F127BE082600FB6763 /* Products */;
			projectDirPath = "";
			projectRoot = "";
			targets = (
				786F16EF27BE082600FB6763 /* log1 */,
			);
		};
/* End PBXProject section */

/* Begin PBXResourcesBuildPhase section */
		786F16EE27BE082600FB6763 /* Resources */ = {
			isa = PBXResourcesBuildPhase;
			buildActionMask = 2147483647;
			files = (
				786F170027BE082700FB6763 /* LaunchScreen.storyboard in Resources */,
				786F16FD27BE082700FB6763 /* Assets.xcassets in Resources */,
				786F16FB27BE082600FB6763 /* Main.storyboard in Resources */,
			);
			runOnlyForDeploymentPostprocessing = 0;
		};
/* End PBXResourcesBuildPhase section */

/* Begin PBXSourcesBuildPhase section */
		786F16EC27BE082600FB6763 /* Sources */ = {
			isa = PBXSourcesBuildPhase;
			buildActionMask = 2147483647;
			files = (
				786F16F827BE082600FB6763 /* ViewController.swift in Sources */,
				786F16F427BE082600FB6763 /* AppDelegate.swift in Sources */,
				786F170927BE0E3D00FB6763 /* signupViewController.swift in Sources */,
				786F170C27BE277D00FB6763 /* TabViewController.swift in Sources */,
				786F16F627BE082600FB6763 /* SceneDelegate.swift in Sources */,
			);
			runOnlyForDeploymentPostprocessing = 0;
		};
/* End PBXSourcesBuildPhase section */

/* Begin PBXVariantGroup section */
		786F16F927BE082600FB6763 /* Main.storyboard */ = {
			isa = PBXVariantGroup;
			children = (
				786F16FA27BE082600FB6763 /* Base */,
			);
			name = Main.storyboard;
			sourceTree = "<group>";
		};
		786F16FE27BE082700FB6763 /* LaunchScreen.storyboard */ = {
			isa = PBXVariantGroup;
			children = (
				786F16FF27BE082700FB6763 /* Base */,
			);
			name = LaunchScreen.storyboard;
			sourceTree = "<group>";
		};
/* End PBXVariantGroup section */

/* Begin XCBuildConfiguration section */
		786F170227BE082700FB6763 /* Debug */ = {
			isa = XCBuildConfiguration;
			buildSettings = {
				ALWAYS_SEARCH_USER_PATHS = NO;
				CLANG_ANALYZER_NONNULL = YES;
				CLANG_ANALYZER_NUMBER_OBJECT_CONVERSION = YES_AGGRESSIVE;
				CLANG_CXX_LANGUAGE_STANDARD = "gnu++14";
				CLANG_CXX_LIBRARY = "libc++";
				CLANG_ENABLE_MODULES = YES;
				CLANG_ENABLE_OBJC_ARC = YES;
				CLANG_ENABLE_OBJC_WEAK = YES;
				CLANG_WARN_BLOCK_CAPTURE_AUTORELEASING = YES;
				CLANG_WARN_BOOL_CONVERSION = YES;
				CLANG_WARN_COMMA = YES;
				CLANG_WARN_CONSTANT_CONVERSION = YES;
				CLANG_WARN_DEPRECATED_OBJC_IMPLEMENTATIONS = YES;
				CLANG_WARN_DIRECT_OBJC_ISA_USAGE = YES_ERROR;
				CLANG_WARN_DOCUMENTATION_COMMENTS = YES;
				CLANG_WARN_EMPTY_BODY = YES;
				CLANG_WARN_ENUM_CONVERSION = YES;
				CLANG_WARN_INFINITE_RECURSION = YES;
				CLANG_WARN_INT_CONVERSION = YES;
				CLANG_WARN_NON_LITERAL_NULL_CONVERSION = YES;
				CLANG_WARN_OBJC_IMPLICIT_RETAIN_SELF = YES;
				CLANG_WARN_OBJC_LITERAL_CONVERSION = YES;
				CLANG_WARN_OBJC_ROOT_CLASS = YES_ERROR;
				CLANG_WARN_QUOTED_INCLUDE_IN_FRAMEWORK_HEADER = YES;
				CLANG_WARN_RANGE_LOOP_ANALYSIS = YES;
				CLANG_WARN_STRICT_PROTOTYPES = YES;
				CLANG_WARN_SUSPICIOUS_MOVE = YES;
				CLANG_WARN_UNGUARDED_AVAILABILITY = YES_AGGRESSIVE;
				CLANG_WARN_UNREACHABLE_CODE = YES;
				CLANG_WARN__DUPLICATE_METHOD_MATCH = YES;
				COPY_PHASE_STRIP = NO;
				DEBUG_INFORMATION_FORMAT = dwarf;
				ENABLE_STRICT_OBJC_MSGSEND = YES;
				ENABLE_TESTABILITY = YES;
				GCC_C_LANGUAGE_STANDARD = gnu11;
				GCC_DYNAMIC_NO_PIC = NO;
				GCC_NO_COMMON_BLOCKS = YES;
				GCC_OPTIMIZATION_LEVEL = 0;
				GCC_PREPROCESSOR_DEFINITIONS = (
					"DEBUG=1",
					"$(inherited)",
				);
				GCC_WARN_64_TO_32_BIT_CONVERSION = YES;
				GCC_WARN_ABOUT_RETURN_TYPE = YES_ERROR;
				GCC_WARN_UNDECLARED_SELECTOR = YES;
				GCC_WARN_UNINITIALIZED_AUTOS = YES_AGGRESSIVE;
				GCC_WARN_UNUSED_FUNCTION = YES;
				GCC_WARN_UNUSED_VARIABLE = YES;
				IPHONEOS_DEPLOYMENT_TARGET = 14.3;
				MTL_ENABLE_DEBUG_INFO = INCLUDE_SOURCE;
				MTL_FAST_MATH = YES;
				ONLY_ACTIVE_ARCH = YES;
				SDKROOT = iphoneos;
				SWIFT_ACTIVE_COMPILATION_CONDITIONS = DEBUG;
				SWIFT_OPTIMIZATION_LEVEL = "-Onone";
			};
			name = Debug;
		};
		786F170327BE082700FB6763 /* Release */ = {
			isa = XCBuildConfiguration;
			buildSettings = {
				ALWAYS_SEARCH_USER_PATHS = NO;
				CLANG_ANALYZER_NONNULL = YES;
				CLANG_ANALYZER_NUMBER_OBJECT_CONVERSION = YES_AGGRESSIVE;
				CLANG_CXX_LANGUAGE_STANDARD = "gnu++14";
				CLANG_CXX_LIBRARY = "libc++";
				CLANG_ENABLE_MODULES = YES;
				CLANG_ENABLE_OBJC_ARC = YES;
				CLANG_ENABLE_OBJC_WEAK = YES;
				CLANG_WARN_BLOCK_CAPTURE_AUTORELEASING = YES;
				CLANG_WARN_BOOL_CONVERSION = YES;
				CLANG_WARN_COMMA = YES;
				CLANG_WARN_CONSTANT_CONVERSION = YES;
				CLANG_WARN_DEPRECATED_OBJC_IMPLEMENTATIONS = YES;
				CLANG_WARN_DIRECT_OBJC_ISA_USAGE = YES_ERROR;
				CLANG_WARN_DOCUMENTATION_COMMENTS = YES;
				CLANG_WARN_EMPTY_BODY = YES;
				CLANG_WARN_ENUM_CONVERSION = YES;
				CLANG_WARN_INFINITE_RECURSION = YES;
				CLANG_WARN_INT_CONVERSION = YES;
				CLANG_WARN_NON_LITERAL_NULL_CONVERSION = YES;
				CLANG_WARN_OBJC_IMPLICIT_RETAIN_SELF = YES;
				CLANG_WARN_OBJC_LITERAL_CONVERSION = YES;
				CLANG_WARN_OBJC_ROOT_CLASS = YES_ERROR;
				CLANG_WARN_QUOTED_INCLUDE_IN_FRAMEWORK_HEADER = YES;
				CLANG_WARN_RANGE_LOOP_ANALYSIS = YES;
				CLANG_WARN_STRICT_PROTOTYPES = YES;
				CLANG_WARN_SUSPICIOUS_MOVE = YES;
				CLANG_WARN_UNGUARDED_AVAILABILITY = YES_AGGRESSIVE;
				CLANG_WARN_UNREACHABLE_CODE = YES;
				CLANG_WARN__DUPLICATE_METHOD_MATCH = YES;
				COPY_PHASE_STRIP = NO;
				DEBUG_INFORMATION_FORMAT = "dwarf-with-dsym";
				ENABLE_NS_ASSERTIONS = NO;
				ENABLE_STRICT_OBJC_MSGSEND = YES;
				GCC_C_LANGUAGE_STANDARD = gnu11;
				GCC_NO_COMMON_BLOCKS = YES;
				GCC_WARN_64_TO_32_BIT_CONVERSION = YES;
				GCC_WARN_ABOUT_RETURN_TYPE = YES_ERROR;
				GCC_WARN_UNDECLARED_SELECTOR = YES;
				GCC_WARN_UNINITIALIZED_AUTOS = YES_AGGRESSIVE;
				GCC_WARN_UNUSED_FUNCTION = YES;
				GCC_WARN_UNUSED_VARIABLE = YES;
				IPHONEOS_DEPLOYMENT_TARGET = 14.3;
				MTL_ENABLE_DEBUG_INFO = NO;
				MTL_FAST_MATH = YES;
				SDKROOT = iphoneos;
				SWIFT_COMPILATION_MODE = wholemodule;
				SWIFT_OPTIMIZATION_LEVEL = "-O";
				VALIDATE_PRODUCT = YES;
			};
			name = Release;
		};
		786F170527BE082700FB6763 /* Debug */ = {
			isa = XCBuildConfiguration;
			buildSettings = {
				ASSETCATALOG_COMPILER_APPICON_NAME = AppIcon;
				ASSETCATALOG_COMPILER_GLOBAL_ACCENT_COLOR_NAME = AccentColor;
				CODE_SIGN_STYLE = Automatic;
				INFOPLIST_FILE = log1/Info.plist;
				LD_RUNPATH_SEARCH_PATHS = (
					"$(inherited)",
					"@executable_path/Frameworks",
				);
				MARKETING_VERSION = 15.3;
				PRODUCT_BUNDLE_IDENTIFIER = "Apple-Inc.log1";
				PRODUCT_NAME = "$(TARGET_NAME)";
				SWIFT_VERSION = 5.0;
				TARGETED_DEVICE_FAMILY = 1;
			};
			name = Debug;
		};
		786F170627BE082700FB6763 /* Release */ = {
			isa = XCBuildConfiguration;
			buildSettings = {
				ASSETCATALOG_COMPILER_APPICON_NAME = AppIcon;
				ASSETCATALOG_COMPILER_GLOBAL_ACCENT_COLOR_NAME = AccentColor;
				CODE_SIGN_STYLE = Automatic;
				INFOPLIST_FILE = log1/Info.plist;
				LD_RUNPATH_SEARCH_PATHS = (
					"$(inherited)",
					"@executable_path/Frameworks",
				);
				MARKETING_VERSION = 15.3;
				PRODUCT_BUNDLE_IDENTIFIER = "Apple-Inc.log1";
				PRODUCT_NAME = "$(TARGET_NAME)";
				SWIFT_VERSION = 5.0;
				TARGETED_DEVICE_FAMILY = 1;
			};
			name = Release;
		};
/* End XCBuildConfiguration section */

/* Begin XCConfigurationList section */
		786F16EB27BE082600FB6763 /* Build configuration list for PBXProject "log1" */ = {
			isa = XCConfigurationList;
			buildConfigurations = (
				786F170227BE082700FB6763 /* Debug */,
				786F170327BE082700FB6763 /* Release */,
			);
			defaultConfigurationIsVisible = 0;
			defaultConfigurationName = Release;
		};
		786F170427BE082700FB6763 /* Build configuration list for PBXNativeTarget "log1" */ = {
			isa = XCConfigurationList;
			buildConfigurations = (
				786F170527BE082700FB6763 /* Debug */,
				786F170627BE082700FB6763 /* Release */,
			);
			defaultConfigurationIsVisible = 0;
			defaultConfigurationName = Release;
		};
/* End XCConfigurationList section */
	};
	rootObject = 786F16E827BE082600FB6763 /* Project object */;
}
