// !$*UTF8*$!
{
	archiveVersion = 1;
	classes = {
	};
	objectVersion = 50;
	objects = {

/* Begin PBXBuildFile section */
		783C7CBD27FF0C24003C6315 /* AppDelegate.swift in Sources */ = {isa = PBXBuildFile; fileRef = 783C7CBC27FF0C24003C6315 /* AppDelegate.swift */; };
		783C7CBF27FF0C24003C6315 /* SceneDelegate.swift in Sources */ = {isa = PBXBuildFile; fileRef = 783C7CBE27FF0C24003C6315 /* SceneDelegate.swift */; };
		783C7CC127FF0C24003C6315 /* ViewController.swift in Sources */ = {isa = PBXBuildFile; fileRef = 783C7CC027FF0C24003C6315 /* ViewController.swift */; };
		783C7CC427FF0C24003C6315 /* Main.storyboard in Resources */ = {isa = PBXBuildFile; fileRef = 783C7CC227FF0C24003C6315 /* Main.storyboard */; };
		783C7CC627FF0C27003C6315 /* Assets.xcassets in Resources */ = {isa = PBXBuildFile; fileRef = 783C7CC527FF0C27003C6315 /* Assets.xcassets */; };
		783C7CC927FF0C27003C6315 /* LaunchScreen.storyboard in Resources */ = {isa = PBXBuildFile; fileRef = 783C7CC727FF0C27003C6315 /* LaunchScreen.storyboard */; };
/* End PBXBuildFile section */

/* Begin PBXFileReference section */
		783C7CB927FF0C24003C6315 /* downloadTask.app */ = {isa = PBXFileReference; explicitFileType = wrapper.application; includeInIndex = 0; path = downloadTask.app; sourceTree = BUILT_PRODUCTS_DIR; };
		783C7CBC27FF0C24003C6315 /* AppDelegate.swift */ = {isa = PBXFileReference; lastKnownFileType = sourcecode.swift; path = AppDelegate.swift; sourceTree = "<group>"; };
		783C7CBE27FF0C24003C6315 /* SceneDelegate.swift */ = {isa = PBXFileReference; lastKnownFileType = sourcecode.swift; path = SceneDelegate.swift; sourceTree = "<group>"; };
		783C7CC027FF0C24003C6315 /* ViewController.swift */ = {isa = PBXFileReference; lastKnownFileType = sourcecode.swift; path = ViewController.swift; sourceTree = "<group>"; };
		783C7CC327FF0C24003C6315 /* Base */ = {isa = PBXFileReference; lastKnownFileType = file.storyboard; name = Base; path = Base.lproj/Main.storyboard; sourceTree = "<group>"; };
		783C7CC527FF0C27003C6315 /* Assets.xcassets */ = {isa = PBXFileReference; lastKnownFileType = folder.assetcatalog; path = Assets.xcassets; sourceTree = "<group>"; };
		783C7CC827FF0C27003C6315 /* Base */ = {isa = PBXFileReference; lastKnownFileType = file.storyboard; name = Base; path = Base.lproj/LaunchScreen.storyboard; sourceTree = "<group>"; };
		783C7CCA27FF0C27003C6315 /* Info.plist */ = {isa = PBXFileReference; lastKnownFileType = text.plist.xml; path = Info.plist; sourceTree = "<group>"; };
/* End PBXFileReference section */

/* Begin PBXFrameworksBuildPhase section */
		783C7CB627FF0C24003C6315 /* Frameworks */ = {
			isa = PBXFrameworksBuildPhase;
			buildActionMask = 2147483647;
			files = (
			);
			runOnlyForDeploymentPostprocessing = 0;
		};
/* End PBXFrameworksBuildPhase section */

/* Begin PBXGroup section */
		783C7CB027FF0C24003C6315 = {
			isa = PBXGroup;
			children = (
				783C7CBB27FF0C24003C6315 /* downloadTask */,
				783C7CBA27FF0C24003C6315 /* Products */,
			);
			sourceTree = "<group>";
		};
		783C7CBA27FF0C24003C6315 /* Products */ = {
			isa = PBXGroup;
			children = (
				783C7CB927FF0C24003C6315 /* downloadTask.app */,
			);
			name = Products;
			sourceTree = "<group>";
		};
		783C7CBB27FF0C24003C6315 /* downloadTask */ = {
			isa = PBXGroup;
			children = (
				783C7CBC27FF0C24003C6315 /* AppDelegate.swift */,
				783C7CBE27FF0C24003C6315 /* SceneDelegate.swift */,
				783C7CC027FF0C24003C6315 /* ViewController.swift */,
				783C7CC227FF0C24003C6315 /* Main.storyboard */,
				783C7CC527FF0C27003C6315 /* Assets.xcassets */,
				783C7CC727FF0C27003C6315 /* LaunchScreen.storyboard */,
				783C7CCA27FF0C27003C6315 /* Info.plist */,
			);
			path = downloadTask;
			sourceTree = "<group>";
		};
/* End PBXGroup section */

/* Begin PBXNativeTarget section */
		783C7CB827FF0C24003C6315 /* downloadTask */ = {
			isa = PBXNativeTarget;
			buildConfigurationList = 783C7CCD27FF0C27003C6315 /* Build configuration list for PBXNativeTarget "downloadTask" */;
			buildPhases = (
				783C7CB527FF0C24003C6315 /* Sources */,
				783C7CB627FF0C24003C6315 /* Frameworks */,
				783C7CB727FF0C24003C6315 /* Resources */,
			);
			buildRules = (
			);
			dependencies = (
			);
			name = downloadTask;
			productName = downloadTask;
			productReference = 783C7CB927FF0C24003C6315 /* downloadTask.app */;
			productType = "com.apple.product-type.application";
		};
/* End PBXNativeTarget section */

/* Begin PBXProject section */
		783C7CB127FF0C24003C6315 /* Project object */ = {
			isa = PBXProject;
			attributes = {
				LastSwiftUpdateCheck = 1230;
				LastUpgradeCheck = 1230;
				TargetAttributes = {
					783C7CB827FF0C24003C6315 = {
						CreatedOnToolsVersion = 12.3;
					};
				};
			};
			buildConfigurationList = 783C7CB427FF0C24003C6315 /* Build configuration list for PBXProject "downloadTask" */;
			compatibilityVersion = "Xcode 9.3";
			developmentRegion = en;
			hasScannedForEncodings = 0;
			knownRegions = (
				en,
				Base,
			);
			mainGroup = 783C7CB027FF0C24003C6315;
			productRefGroup = 783C7CBA27FF0C24003C6315 /* Products */;
			projectDirPath = "";
			projectRoot = "";
			targets = (
				783C7CB827FF0C24003C6315 /* downloadTask */,
			);
		};
/* End PBXProject section */

/* Begin PBXResourcesBuildPhase section */
		783C7CB727FF0C24003C6315 /* Resources */ = {
			isa = PBXResourcesBuildPhase;
			buildActionMask = 2147483647;
			files = (
				783C7CC927FF0C27003C6315 /* LaunchScreen.storyboard in Resources */,
				783C7CC627FF0C27003C6315 /* Assets.xcassets in Resources */,
				783C7CC427FF0C24003C6315 /* Main.storyboard in Resources */,
			);
			runOnlyForDeploymentPostprocessing = 0;
		};
/* End PBXResourcesBuildPhase section */

/* Begin PBXSourcesBuildPhase section */
		783C7CB527FF0C24003C6315 /* Sources */ = {
			isa = PBXSourcesBuildPhase;
			buildActionMask = 2147483647;
			files = (
				783C7CC127FF0C24003C6315 /* ViewController.swift in Sources */,
				783C7CBD27FF0C24003C6315 /* AppDelegate.swift in Sources */,
				783C7CBF27FF0C24003C6315 /* SceneDelegate.swift in Sources */,
			);
			runOnlyForDeploymentPostprocessing = 0;
		};
/* End PBXSourcesBuildPhase section */

/* Begin PBXVariantGroup section */
		783C7CC227FF0C24003C6315 /* Main.storyboard */ = {
			isa = PBXVariantGroup;
			children = (
				783C7CC327FF0C24003C6315 /* Base */,
			);
			name = Main.storyboard;
			sourceTree = "<group>";
		};
		783C7CC727FF0C27003C6315 /* LaunchScreen.storyboard */ = {
			isa = PBXVariantGroup;
			children = (
				783C7CC827FF0C27003C6315 /* Base */,
			);
			name = LaunchScreen.storyboard;
			sourceTree = "<group>";
		};
/* End PBXVariantGroup section */

/* Begin XCBuildConfiguration section */
		783C7CCB27FF0C27003C6315 /* Debug */ = {
			isa = XCBuildConfiguration;
			buildSettings = {
				ALWAYS_SEARCH_USER_PATHS = NO;
				CLANG_ANALYZER_NONNULL = YES;
				CLANG_ANALYZER_NUMBER_OBJECT_CONVERSION = YES_AGGRESSIVE;
				CLANG_CXX_LANGUAGE_STANDARD = "gnu++14";
				CLANG_CXX_LIBRARY = "libc++";
				CLANG_ENABLE_MODULES = YES;
				CLANG_ENABLE_OBJC_ARC = YES;
				CLANG_ENABLE_OBJC_WEAK = YES;
				CLANG_WARN_BLOCK_CAPTURE_AUTORELEASING = YES;
				CLANG_WARN_BOOL_CONVERSION = YES;
				CLANG_WARN_COMMA = YES;
				CLANG_WARN_CONSTANT_CONVERSION = YES;
				CLANG_WARN_DEPRECATED_OBJC_IMPLEMENTATIONS = YES;
				CLANG_WARN_DIRECT_OBJC_ISA_USAGE = YES_ERROR;
				CLANG_WARN_DOCUMENTATION_COMMENTS = YES;
				CLANG_WARN_EMPTY_BODY = YES;
				CLANG_WARN_ENUM_CONVERSION = YES;
				CLANG_WARN_INFINITE_RECURSION = YES;
				CLANG_WARN_INT_CONVERSION = YES;
				CLANG_WARN_NON_LITERAL_NULL_CONVERSION = YES;
				CLANG_WARN_OBJC_IMPLICIT_RETAIN_SELF = YES;
				CLANG_WARN_OBJC_LITERAL_CONVERSION = YES;
				CLANG_WARN_OBJC_ROOT_CLASS = YES_ERROR;
				CLANG_WARN_QUOTED_INCLUDE_IN_FRAMEWORK_HEADER = YES;
				CLANG_WARN_RANGE_LOOP_ANALYSIS = YES;
				CLANG_WARN_STRICT_PROTOTYPES = YES;
				CLANG_WARN_SUSPICIOUS_MOVE = YES;
				CLANG_WARN_UNGUARDED_AVAILABILITY = YES_AGGRESSIVE;
				CLANG_WARN_UNREACHABLE_CODE = YES;
				CLANG_WARN__DUPLICATE_METHOD_MATCH = YES;
				COPY_PHASE_STRIP = NO;
				DEBUG_INFORMATION_FORMAT = dwarf;
				ENABLE_STRICT_OBJC_MSGSEND = YES;
				ENABLE_TESTABILITY = YES;
				GCC_C_LANGUAGE_STANDARD = gnu11;
				GCC_DYNAMIC_NO_PIC = NO;
				GCC_NO_COMMON_BLOCKS = YES;
				GCC_OPTIMIZATION_LEVEL = 0;
				GCC_PREPROCESSOR_DEFINITIONS = (
					"DEBUG=1",
					"$(inherited)",
				);
				GCC_WARN_64_TO_32_BIT_CONVERSION = YES;
				GCC_WARN_ABOUT_RETURN_TYPE = YES_ERROR;
				GCC_WARN_UNDECLARED_SELECTOR = YES;
				GCC_WARN_UNINITIALIZED_AUTOS = YES_AGGRESSIVE;
				GCC_WARN_UNUSED_FUNCTION = YES;
				GCC_WARN_UNUSED_VARIABLE = YES;
				IPHONEOS_DEPLOYMENT_TARGET = 14.3;
				MTL_ENABLE_DEBUG_INFO = INCLUDE_SOURCE;
				MTL_FAST_MATH = YES;
				ONLY_ACTIVE_ARCH = YES;
				SDKROOT = iphoneos;
				SWIFT_ACTIVE_COMPILATION_CONDITIONS = DEBUG;
				SWIFT_OPTIMIZATION_LEVEL = "-Onone";
			};
			name = Debug;
		};
		783C7CCC27FF0C27003C6315 /* Release */ = {
			isa = XCBuildConfiguration;
			buildSettings = {
				ALWAYS_SEARCH_USER_PATHS = NO;
				CLANG_ANALYZER_NONNULL = YES;
				CLANG_ANALYZER_NUMBER_OBJECT_CONVERSION = YES_AGGRESSIVE;
				CLANG_CXX_LANGUAGE_STANDARD = "gnu++14";
				CLANG_CXX_LIBRARY = "libc++";
				CLANG_ENABLE_MODULES = YES;
				CLANG_ENABLE_OBJC_ARC = YES;
				CLANG_ENABLE_OBJC_WEAK = YES;
				CLANG_WARN_BLOCK_CAPTURE_AUTORELEASING = YES;
				CLANG_WARN_BOOL_CONVERSION = YES;
				CLANG_WARN_COMMA = YES;
				CLANG_WARN_CONSTANT_CONVERSION = YES;
				CLANG_WARN_DEPRECATED_OBJC_IMPLEMENTATIONS = YES;
				CLANG_WARN_DIRECT_OBJC_ISA_USAGE = YES_ERROR;
				CLANG_WARN_DOCUMENTATION_COMMENTS = YES;
				CLANG_WARN_EMPTY_BODY = YES;
				CLANG_WARN_ENUM_CONVERSION = YES;
				CLANG_WARN_INFINITE_RECURSION = YES;
				CLANG_WARN_INT_CONVERSION = YES;
				CLANG_WARN_NON_LITERAL_NULL_CONVERSION = YES;
				CLANG_WARN_OBJC_IMPLICIT_RETAIN_SELF = YES;
				CLANG_WARN_OBJC_LITERAL_CONVERSION = YES;
				CLANG_WARN_OBJC_ROOT_CLASS = YES_ERROR;
				CLANG_WARN_QUOTED_INCLUDE_IN_FRAMEWORK_HEADER = YES;
				CLANG_WARN_RANGE_LOOP_ANALYSIS = YES;
				CLANG_WARN_STRICT_PROTOTYPES = YES;
				CLANG_WARN_SUSPICIOUS_MOVE = YES;
				CLANG_WARN_UNGUARDED_AVAILABILITY = YES_AGGRESSIVE;
				CLANG_WARN_UNREACHABLE_CODE = YES;
				CLANG_WARN__DUPLICATE_METHOD_MATCH = YES;
				COPY_PHASE_STRIP = NO;
				DEBUG_INFORMATION_FORMAT = "dwarf-with-dsym";
				ENABLE_NS_ASSERTIONS = NO;
				ENABLE_STRICT_OBJC_MSGSEND = YES;
				GCC_C_LANGUAGE_STANDARD = gnu11;
				GCC_NO_COMMON_BLOCKS = YES;
				GCC_WARN_64_TO_32_BIT_CONVERSION = YES;
				GCC_WARN_ABOUT_RETURN_TYPE = YES_ERROR;
				GCC_WARN_UNDECLARED_SELECTOR = YES;
				GCC_WARN_UNINITIALIZED_AUTOS = YES_AGGRESSIVE;
				GCC_WARN_UNUSED_FUNCTION = YES;
				GCC_WARN_UNUSED_VARIABLE = YES;
				IPHONEOS_DEPLOYMENT_TARGET = 14.3;
				MTL_ENABLE_DEBUG_INFO = NO;
				MTL_FAST_MATH = YES;
				SDKROOT = iphoneos;
				SWIFT_COMPILATION_MODE = wholemodule;
				SWIFT_OPTIMIZATION_LEVEL = "-O";
				VALIDATE_PRODUCT = YES;
			};
			name = Release;
		};
		783C7CCE27FF0C27003C6315 /* Debug */ = {
			isa = XCBuildConfiguration;
			buildSettings = {
				ASSETCATALOG_COMPILER_APPICON_NAME = AppIcon;
				ASSETCATALOG_COMPILER_GLOBAL_ACCENT_COLOR_NAME = AccentColor;
				CODE_SIGN_STYLE = Automatic;
				INFOPLIST_FILE = downloadTask/Info.plist;
				LD_RUNPATH_SEARCH_PATHS = (
					"$(inherited)",
					"@executable_path/Frameworks",
				);
				PRODUCT_BUNDLE_IDENTIFIER = "Apple-Inc.downloadTask";
				PRODUCT_NAME = "$(TARGET_NAME)";
				SWIFT_VERSION = 5.0;
				TARGETED_DEVICE_FAMILY = "1,2";
			};
			name = Debug;
		};
		783C7CCF27FF0C27003C6315 /* Release */ = {
			isa = XCBuildConfiguration;
			buildSettings = {
				ASSETCATALOG_COMPILER_APPICON_NAME = AppIcon;
				ASSETCATALOG_COMPILER_GLOBAL_ACCENT_COLOR_NAME = AccentColor;
				CODE_SIGN_STYLE = Automatic;
				INFOPLIST_FILE = downloadTask/Info.plist;
				LD_RUNPATH_SEARCH_PATHS = (
					"$(inherited)",
					"@executable_path/Frameworks",
				);
				PRODUCT_BUNDLE_IDENTIFIER = "Apple-Inc.downloadTask";
				PRODUCT_NAME = "$(TARGET_NAME)";
				SWIFT_VERSION = 5.0;
				TARGETED_DEVICE_FAMILY = "1,2";
			};
			name = Release;
		};
/* End XCBuildConfiguration section */

/* Begin XCConfigurationList section */
		783C7CB427FF0C24003C6315 /* Build configuration list for PBXProject "downloadTask" */ = {
			isa = XCConfigurationList;
			buildConfigurations = (
				783C7CCB27FF0C27003C6315 /* Debug */,
				783C7CCC27FF0C27003C6315 /* Release */,
			);
			defaultConfigurationIsVisible = 0;
			defaultConfigurationName = Release;
		};
		783C7CCD27FF0C27003C6315 /* Build configuration list for PBXNativeTarget "downloadTask" */ = {
			isa = XCConfigurationList;
			buildConfigurations = (
				783C7CCE27FF0C27003C6315 /* Debug */,
				783C7CCF27FF0C27003C6315 /* Release */,
			);
			defaultConfigurationIsVisible = 0;
			defaultConfigurationName = Release;
		};
/* End XCConfigurationList section */
	};
	rootObject = 783C7CB127FF0C24003C6315 /* Project object */;
}
