// !$*UTF8*$!
{
	archiveVersion = 1;
	classes = {
	};
	objectVersion = 50;
	objects = {

/* Begin PBXBuildFile section */
		7866D66027E0919000DCB694 /* AppDelegate.swift in Sources */ = {isa = PBXBuildFile; fileRef = 7866D65F27E0919000DCB694 /* AppDelegate.swift */; };
		7866D66227E0919000DCB694 /* SceneDelegate.swift in Sources */ = {isa = PBXBuildFile; fileRef = 7866D66127E0919000DCB694 /* SceneDelegate.swift */; };
		7866D66727E0919000DCB694 /* Main.storyboard in Resources */ = {isa = PBXBuildFile; fileRef = 7866D66527E0919000DCB694 /* Main.storyboard */; };
		7866D66927E0919300DCB694 /* Assets.xcassets in Resources */ = {isa = PBXBuildFile; fileRef = 7866D66827E0919300DCB694 /* Assets.xcassets */; };
		7866D66C27E0919300DCB694 /* LaunchScreen.storyboard in Resources */ = {isa = PBXBuildFile; fileRef = 7866D66A27E0919300DCB694 /* LaunchScreen.storyboard */; };
		7866D67627E0977D00DCB694 /* photosCollectionViewCell.swift in Sources */ = {isa = PBXBuildFile; fileRef = 7866D67527E0977D00DCB694 /* photosCollectionViewCell.swift */; };
		7866D67927E097DB00DCB694 /* photosCollectionViewController.swift in Sources */ = {isa = PBXBuildFile; fileRef = 7866D67827E097DB00DCB694 /* photosCollectionViewController.swift */; };
		7866D67C27E09A0700DCB694 /* photos.swift in Sources */ = {isa = PBXBuildFile; fileRef = 7866D67B27E09A0700DCB694 /* photos.swift */; };
/* End PBXBuildFile section */

/* Begin PBXFileReference section */
		7866D65C27E0919000DCB694 /* collectionView1.app */ = {isa = PBXFileReference; explicitFileType = wrapper.application; includeInIndex = 0; path = collectionView1.app; sourceTree = BUILT_PRODUCTS_DIR; };
		7866D65F27E0919000DCB694 /* AppDelegate.swift */ = {isa = PBXFileReference; lastKnownFileType = sourcecode.swift; path = AppDelegate.swift; sourceTree = "<group>"; };
		7866D66127E0919000DCB694 /* SceneDelegate.swift */ = {isa = PBXFileReference; lastKnownFileType = sourcecode.swift; path = SceneDelegate.swift; sourceTree = "<group>"; };
		7866D66627E0919000DCB694 /* Base */ = {isa = PBXFileReference; lastKnownFileType = file.storyboard; name = Base; path = Base.lproj/Main.storyboard; sourceTree = "<group>"; };
		7866D66827E0919300DCB694 /* Assets.xcassets */ = {isa = PBXFileReference; lastKnownFileType = folder.assetcatalog; path = Assets.xcassets; sourceTree = "<group>"; };
		7866D66B27E0919300DCB694 /* Base */ = {isa = PBXFileReference; lastKnownFileType = file.storyboard; name = Base; path = Base.lproj/LaunchScreen.storyboard; sourceTree = "<group>"; };
		7866D66D27E0919300DCB694 /* Info.plist */ = {isa = PBXFileReference; lastKnownFileType = text.plist.xml; path = Info.plist; sourceTree = "<group>"; };
		7866D67527E0977D00DCB694 /* photosCollectionViewCell.swift */ = {isa = PBXFileReference; lastKnownFileType = sourcecode.swift; path = photosCollectionViewCell.swift; sourceTree = "<group>"; };
		7866D67827E097DB00DCB694 /* photosCollectionViewController.swift */ = {isa = PBXFileReference; lastKnownFileType = sourcecode.swift; path = photosCollectionViewController.swift; sourceTree = "<group>"; };
		7866D67B27E09A0700DCB694 /* photos.swift */ = {isa = PBXFileReference; lastKnownFileType = sourcecode.swift; path = photos.swift; sourceTree = "<group>"; };
/* End PBXFileReference section */

/* Begin PBXFrameworksBuildPhase section */
		7866D65927E0919000DCB694 /* Frameworks */ = {
			isa = PBXFrameworksBuildPhase;
			buildActionMask = 2147483647;
			files = (
			);
			runOnlyForDeploymentPostprocessing = 0;
		};
/* End PBXFrameworksBuildPhase section */

/* Begin PBXGroup section */
		7866D65327E0919000DCB694 = {
			isa = PBXGroup;
			children = (
				7866D65E27E0919000DCB694 /* collectionView1 */,
				7866D65D27E0919000DCB694 /* Products */,
			);
			sourceTree = "<group>";
		};
		7866D65D27E0919000DCB694 /* Products */ = {
			isa = PBXGroup;
			children = (
				7866D65C27E0919000DCB694 /* collectionView1.app */,
			);
			name = Products;
			sourceTree = "<group>";
		};
		7866D65E27E0919000DCB694 /* collectionView1 */ = {
			isa = PBXGroup;
			children = (
				7866D65F27E0919000DCB694 /* AppDelegate.swift */,
				7866D66127E0919000DCB694 /* SceneDelegate.swift */,
				7866D66527E0919000DCB694 /* Main.storyboard */,
				7866D66827E0919300DCB694 /* Assets.xcassets */,
				7866D66A27E0919300DCB694 /* LaunchScreen.storyboard */,
				7866D66D27E0919300DCB694 /* Info.plist */,
				7866D67527E0977D00DCB694 /* photosCollectionViewCell.swift */,
				7866D67827E097DB00DCB694 /* photosCollectionViewController.swift */,
				7866D67B27E09A0700DCB694 /* photos.swift */,
			);
			path = collectionView1;
			sourceTree = "<group>";
		};
/* End PBXGroup section */

/* Begin PBXNativeTarget section */
		7866D65B27E0919000DCB694 /* collectionView1 */ = {
			isa = PBXNativeTarget;
			buildConfigurationList = 7866D67027E0919300DCB694 /* Build configuration list for PBXNativeTarget "collectionView1" */;
			buildPhases = (
				7866D65827E0919000DCB694 /* Sources */,
				7866D65927E0919000DCB694 /* Frameworks */,
				7866D65A27E0919000DCB694 /* Resources */,
			);
			buildRules = (
			);
			dependencies = (
			);
			name = collectionView1;
			productName = collectionView1;
			productReference = 7866D65C27E0919000DCB694 /* collectionView1.app */;
			productType = "com.apple.product-type.application";
		};
/* End PBXNativeTarget section */

/* Begin PBXProject section */
		7866D65427E0919000DCB694 /* Project object */ = {
			isa = PBXProject;
			attributes = {
				LastSwiftUpdateCheck = 1230;
				LastUpgradeCheck = 1230;
				TargetAttributes = {
					7866D65B27E0919000DCB694 = {
						CreatedOnToolsVersion = 12.3;
					};
				};
			};
			buildConfigurationList = 7866D65727E0919000DCB694 /* Build configuration list for PBXProject "collectionView1" */;
			compatibilityVersion = "Xcode 9.3";
			developmentRegion = en;
			hasScannedForEncodings = 0;
			knownRegions = (
				en,
				Base,
			);
			mainGroup = 7866D65327E0919000DCB694;
			productRefGroup = 7866D65D27E0919000DCB694 /* Products */;
			projectDirPath = "";
			projectRoot = "";
			targets = (
				7866D65B27E0919000DCB694 /* collectionView1 */,
			);
		};
/* End PBXProject section */

/* Begin PBXResourcesBuildPhase section */
		7866D65A27E0919000DCB694 /* Resources */ = {
			isa = PBXResourcesBuildPhase;
			buildActionMask = 2147483647;
			files = (
				7866D66C27E0919300DCB694 /* LaunchScreen.storyboard in Resources */,
				7866D66927E0919300DCB694 /* Assets.xcassets in Resources */,
				7866D66727E0919000DCB694 /* Main.storyboard in Resources */,
			);
			runOnlyForDeploymentPostprocessing = 0;
		};
/* End PBXResourcesBuildPhase section */

/* Begin PBXSourcesBuildPhase section */
		7866D65827E0919000DCB694 /* Sources */ = {
			isa = PBXSourcesBuildPhase;
			buildActionMask = 2147483647;
			files = (
				7866D67627E0977D00DCB694 /* photosCollectionViewCell.swift in Sources */,
				7866D66027E0919000DCB694 /* AppDelegate.swift in Sources */,
				7866D66227E0919000DCB694 /* SceneDelegate.swift in Sources */,
				7866D67927E097DB00DCB694 /* photosCollectionViewController.swift in Sources */,
				7866D67C27E09A0700DCB694 /* photos.swift in Sources */,
			);
			runOnlyForDeploymentPostprocessing = 0;
		};
/* End PBXSourcesBuildPhase section */

/* Begin PBXVariantGroup section */
		7866D66527E0919000DCB694 /* Main.storyboard */ = {
			isa = PBXVariantGroup;
			children = (
				7866D66627E0919000DCB694 /* Base */,
			);
			name = Main.storyboard;
			sourceTree = "<group>";
		};
		7866D66A27E0919300DCB694 /* LaunchScreen.storyboard */ = {
			isa = PBXVariantGroup;
			children = (
				7866D66B27E0919300DCB694 /* Base */,
			);
			name = LaunchScreen.storyboard;
			sourceTree = "<group>";
		};
/* End PBXVariantGroup section */

/* Begin XCBuildConfiguration section */
		7866D66E27E0919300DCB694 /* Debug */ = {
			isa = XCBuildConfiguration;
			buildSettings = {
				ALWAYS_SEARCH_USER_PATHS = NO;
				CLANG_ANALYZER_NONNULL = YES;
				CLANG_ANALYZER_NUMBER_OBJECT_CONVERSION = YES_AGGRESSIVE;
				CLANG_CXX_LANGUAGE_STANDARD = "gnu++14";
				CLANG_CXX_LIBRARY = "libc++";
				CLANG_ENABLE_MODULES = YES;
				CLANG_ENABLE_OBJC_ARC = YES;
				CLANG_ENABLE_OBJC_WEAK = YES;
				CLANG_WARN_BLOCK_CAPTURE_AUTORELEASING = YES;
				CLANG_WARN_BOOL_CONVERSION = YES;
				CLANG_WARN_COMMA = YES;
				CLANG_WARN_CONSTANT_CONVERSION = YES;
				CLANG_WARN_DEPRECATED_OBJC_IMPLEMENTATIONS = YES;
				CLANG_WARN_DIRECT_OBJC_ISA_USAGE = YES_ERROR;
				CLANG_WARN_DOCUMENTATION_COMMENTS = YES;
				CLANG_WARN_EMPTY_BODY = YES;
				CLANG_WARN_ENUM_CONVERSION = YES;
				CLANG_WARN_INFINITE_RECURSION = YES;
				CLANG_WARN_INT_CONVERSION = YES;
				CLANG_WARN_NON_LITERAL_NULL_CONVERSION = YES;
				CLANG_WARN_OBJC_IMPLICIT_RETAIN_SELF = YES;
				CLANG_WARN_OBJC_LITERAL_CONVERSION = YES;
				CLANG_WARN_OBJC_ROOT_CLASS = YES_ERROR;
				CLANG_WARN_QUOTED_INCLUDE_IN_FRAMEWORK_HEADER = YES;
				CLANG_WARN_RANGE_LOOP_ANALYSIS = YES;
				CLANG_WARN_STRICT_PROTOTYPES = YES;
				CLANG_WARN_SUSPICIOUS_MOVE = YES;
				CLANG_WARN_UNGUARDED_AVAILABILITY = YES_AGGRESSIVE;
				CLANG_WARN_UNREACHABLE_CODE = YES;
				CLANG_WARN__DUPLICATE_METHOD_MATCH = YES;
				COPY_PHASE_STRIP = NO;
				DEBUG_INFORMATION_FORMAT = dwarf;
				ENABLE_STRICT_OBJC_MSGSEND = YES;
				ENABLE_TESTABILITY = YES;
				GCC_C_LANGUAGE_STANDARD = gnu11;
				GCC_DYNAMIC_NO_PIC = NO;
				GCC_NO_COMMON_BLOCKS = YES;
				GCC_OPTIMIZATION_LEVEL = 0;
				GCC_PREPROCESSOR_DEFINITIONS = (
					"DEBUG=1",
					"$(inherited)",
				);
				GCC_WARN_64_TO_32_BIT_CONVERSION = YES;
				GCC_WARN_ABOUT_RETURN_TYPE = YES_ERROR;
				GCC_WARN_UNDECLARED_SELECTOR = YES;
				GCC_WARN_UNINITIALIZED_AUTOS = YES_AGGRESSIVE;
				GCC_WARN_UNUSED_FUNCTION = YES;
				GCC_WARN_UNUSED_VARIABLE = YES;
				IPHONEOS_DEPLOYMENT_TARGET = 14.3;
				MTL_ENABLE_DEBUG_INFO = INCLUDE_SOURCE;
				MTL_FAST_MATH = YES;
				ONLY_ACTIVE_ARCH = YES;
				SDKROOT = iphoneos;
				SWIFT_ACTIVE_COMPILATION_CONDITIONS = DEBUG;
				SWIFT_OPTIMIZATION_LEVEL = "-Onone";
			};
			name = Debug;
		};
		7866D66F27E0919300DCB694 /* Release */ = {
			isa = XCBuildConfiguration;
			buildSettings = {
				ALWAYS_SEARCH_USER_PATHS = NO;
				CLANG_ANALYZER_NONNULL = YES;
				CLANG_ANALYZER_NUMBER_OBJECT_CONVERSION = YES_AGGRESSIVE;
				CLANG_CXX_LANGUAGE_STANDARD = "gnu++14";
				CLANG_CXX_LIBRARY = "libc++";
				CLANG_ENABLE_MODULES = YES;
				CLANG_ENABLE_OBJC_ARC = YES;
				CLANG_ENABLE_OBJC_WEAK = YES;
				CLANG_WARN_BLOCK_CAPTURE_AUTORELEASING = YES;
				CLANG_WARN_BOOL_CONVERSION = YES;
				CLANG_WARN_COMMA = YES;
				CLANG_WARN_CONSTANT_CONVERSION = YES;
				CLANG_WARN_DEPRECATED_OBJC_IMPLEMENTATIONS = YES;
				CLANG_WARN_DIRECT_OBJC_ISA_USAGE = YES_ERROR;
				CLANG_WARN_DOCUMENTATION_COMMENTS = YES;
				CLANG_WARN_EMPTY_BODY = YES;
				CLANG_WARN_ENUM_CONVERSION = YES;
				CLANG_WARN_INFINITE_RECURSION = YES;
				CLANG_WARN_INT_CONVERSION = YES;
				CLANG_WARN_NON_LITERAL_NULL_CONVERSION = YES;
				CLANG_WARN_OBJC_IMPLICIT_RETAIN_SELF = YES;
				CLANG_WARN_OBJC_LITERAL_CONVERSION = YES;
				CLANG_WARN_OBJC_ROOT_CLASS = YES_ERROR;
				CLANG_WARN_QUOTED_INCLUDE_IN_FRAMEWORK_HEADER = YES;
				CLANG_WARN_RANGE_LOOP_ANALYSIS = YES;
				CLANG_WARN_STRICT_PROTOTYPES = YES;
				CLANG_WARN_SUSPICIOUS_MOVE = YES;
				CLANG_WARN_UNGUARDED_AVAILABILITY = YES_AGGRESSIVE;
				CLANG_WARN_UNREACHABLE_CODE = YES;
				CLANG_WARN__DUPLICATE_METHOD_MATCH = YES;
				COPY_PHASE_STRIP = NO;
				DEBUG_INFORMATION_FORMAT = "dwarf-with-dsym";
				ENABLE_NS_ASSERTIONS = NO;
				ENABLE_STRICT_OBJC_MSGSEND = YES;
				GCC_C_LANGUAGE_STANDARD = gnu11;
				GCC_NO_COMMON_BLOCKS = YES;
				GCC_WARN_64_TO_32_BIT_CONVERSION = YES;
				GCC_WARN_ABOUT_RETURN_TYPE = YES_ERROR;
				GCC_WARN_UNDECLARED_SELECTOR = YES;
				GCC_WARN_UNINITIALIZED_AUTOS = YES_AGGRESSIVE;
				GCC_WARN_UNUSED_FUNCTION = YES;
				GCC_WARN_UNUSED_VARIABLE = YES;
				IPHONEOS_DEPLOYMENT_TARGET = 14.3;
				MTL_ENABLE_DEBUG_INFO = NO;
				MTL_FAST_MATH = YES;
				SDKROOT = iphoneos;
				SWIFT_COMPILATION_MODE = wholemodule;
				SWIFT_OPTIMIZATION_LEVEL = "-O";
				VALIDATE_PRODUCT = YES;
			};
			name = Release;
		};
		7866D67127E0919300DCB694 /* Debug */ = {
			isa = XCBuildConfiguration;
			buildSettings = {
				ASSETCATALOG_COMPILER_APPICON_NAME = AppIcon;
				ASSETCATALOG_COMPILER_GLOBAL_ACCENT_COLOR_NAME = AccentColor;
				CODE_SIGN_STYLE = Automatic;
				INFOPLIST_FILE = collectionView1/Info.plist;
				LD_RUNPATH_SEARCH_PATHS = (
					"$(inherited)",
					"@executable_path/Frameworks",
				);
				PRODUCT_BUNDLE_IDENTIFIER = "Apple-Inc.collectionView1";
				PRODUCT_NAME = "$(TARGET_NAME)";
				SWIFT_VERSION = 5.0;
				TARGETED_DEVICE_FAMILY = "1,2";
			};
			name = Debug;
		};
		7866D67227E0919300DCB694 /* Release */ = {
			isa = XCBuildConfiguration;
			buildSettings = {
				ASSETCATALOG_COMPILER_APPICON_NAME = AppIcon;
				ASSETCATALOG_COMPILER_GLOBAL_ACCENT_COLOR_NAME = AccentColor;
				CODE_SIGN_STYLE = Automatic;
				INFOPLIST_FILE = collectionView1/Info.plist;
				LD_RUNPATH_SEARCH_PATHS = (
					"$(inherited)",
					"@executable_path/Frameworks",
				);
				PRODUCT_BUNDLE_IDENTIFIER = "Apple-Inc.collectionView1";
				PRODUCT_NAME = "$(TARGET_NAME)";
				SWIFT_VERSION = 5.0;
				TARGETED_DEVICE_FAMILY = "1,2";
			};
			name = Release;
		};
/* End XCBuildConfiguration section */

/* Begin XCConfigurationList section */
		7866D65727E0919000DCB694 /* Build configuration list for PBXProject "collectionView1" */ = {
			isa = XCConfigurationList;
			buildConfigurations = (
				7866D66E27E0919300DCB694 /* Debug */,
				7866D66F27E0919300DCB694 /* Release */,
			);
			defaultConfigurationIsVisible = 0;
			defaultConfigurationName = Release;
		};
		7866D67027E0919300DCB694 /* Build configuration list for PBXNativeTarget "collectionView1" */ = {
			isa = XCConfigurationList;
			buildConfigurations = (
				7866D67127E0919300DCB694 /* Debug */,
				7866D67227E0919300DCB694 /* Release */,
			);
			defaultConfigurationIsVisible = 0;
			defaultConfigurationName = Release;
		};
/* End XCConfigurationList section */
	};
	rootObject = 7866D65427E0919000DCB694 /* Project object */;
}
