// !$*UTF8*$!
{
	archiveVersion = 1;
	classes = {
	};
	objectVersion = 50;
	objects = {

/* Begin PBXBuildFile section */
		782618BA27E360B2005A6BD9 /* tapViewController.swift in Sources */ = {isa = PBXBuildFile; fileRef = 782618B927E360B2005A6BD9 /* tapViewController.swift */; };
		782618BE27E361A1005A6BD9 /* loginViewController.swift in Sources */ = {isa = PBXBuildFile; fileRef = 782618BD27E361A1005A6BD9 /* loginViewController.swift */; };
		787218EB27E1BB9900AAF61C /* AppDelegate.swift in Sources */ = {isa = PBXBuildFile; fileRef = 787218EA27E1BB9900AAF61C /* AppDelegate.swift */; };
		787218ED27E1BB9900AAF61C /* SceneDelegate.swift in Sources */ = {isa = PBXBuildFile; fileRef = 787218EC27E1BB9900AAF61C /* SceneDelegate.swift */; };
		787218EF27E1BB9900AAF61C /* ViewController.swift in Sources */ = {isa = PBXBuildFile; fileRef = 787218EE27E1BB9900AAF61C /* ViewController.swift */; };
		787218F227E1BB9900AAF61C /* Main.storyboard in Resources */ = {isa = PBXBuildFile; fileRef = 787218F027E1BB9900AAF61C /* Main.storyboard */; };
		787218F427E1BB9C00AAF61C /* Assets.xcassets in Resources */ = {isa = PBXBuildFile; fileRef = 787218F327E1BB9C00AAF61C /* Assets.xcassets */; };
		787218F727E1BB9C00AAF61C /* LaunchScreen.storyboard in Resources */ = {isa = PBXBuildFile; fileRef = 787218F527E1BB9C00AAF61C /* LaunchScreen.storyboard */; };
/* End PBXBuildFile section */

/* Begin PBXFileReference section */
		782618B927E360B2005A6BD9 /* tapViewController.swift */ = {isa = PBXFileReference; lastKnownFileType = sourcecode.swift; path = tapViewController.swift; sourceTree = "<group>"; };
		782618BD27E361A1005A6BD9 /* loginViewController.swift */ = {isa = PBXFileReference; lastKnownFileType = sourcecode.swift; path = loginViewController.swift; sourceTree = "<group>"; };
		787218E727E1BB9900AAF61C /* signupPage.app */ = {isa = PBXFileReference; explicitFileType = wrapper.application; includeInIndex = 0; path = signupPage.app; sourceTree = BUILT_PRODUCTS_DIR; };
		787218EA27E1BB9900AAF61C /* AppDelegate.swift */ = {isa = PBXFileReference; lastKnownFileType = sourcecode.swift; path = AppDelegate.swift; sourceTree = "<group>"; };
		787218EC27E1BB9900AAF61C /* SceneDelegate.swift */ = {isa = PBXFileReference; lastKnownFileType = sourcecode.swift; path = SceneDelegate.swift; sourceTree = "<group>"; };
		787218EE27E1BB9900AAF61C /* ViewController.swift */ = {isa = PBXFileReference; lastKnownFileType = sourcecode.swift; path = ViewController.swift; sourceTree = "<group>"; };
		787218F127E1BB9900AAF61C /* Base */ = {isa = PBXFileReference; lastKnownFileType = file.storyboard; name = Base; path = Base.lproj/Main.storyboard; sourceTree = "<group>"; };
		787218F327E1BB9C00AAF61C /* Assets.xcassets */ = {isa = PBXFileReference; lastKnownFileType = folder.assetcatalog; path = Assets.xcassets; sourceTree = "<group>"; };
		787218F627E1BB9C00AAF61C /* Base */ = {isa = PBXFileReference; lastKnownFileType = file.storyboard; name = Base; path = Base.lproj/LaunchScreen.storyboard; sourceTree = "<group>"; };
		787218F827E1BB9C00AAF61C /* Info.plist */ = {isa = PBXFileReference; lastKnownFileType = text.plist.xml; path = Info.plist; sourceTree = "<group>"; };
/* End PBXFileReference section */

/* Begin PBXFrameworksBuildPhase section */
		787218E427E1BB9900AAF61C /* Frameworks */ = {
			isa = PBXFrameworksBuildPhase;
			buildActionMask = 2147483647;
			files = (
			);
			runOnlyForDeploymentPostprocessing = 0;
		};
/* End PBXFrameworksBuildPhase section */

/* Begin PBXGroup section */
		787218DE27E1BB9900AAF61C = {
			isa = PBXGroup;
			children = (
				787218E927E1BB9900AAF61C /* signupPage */,
				787218E827E1BB9900AAF61C /* Products */,
			);
			sourceTree = "<group>";
		};
		787218E827E1BB9900AAF61C /* Products */ = {
			isa = PBXGroup;
			children = (
				787218E727E1BB9900AAF61C /* signupPage.app */,
			);
			name = Products;
			sourceTree = "<group>";
		};
		787218E927E1BB9900AAF61C /* signupPage */ = {
			isa = PBXGroup;
			children = (
				787218EA27E1BB9900AAF61C /* AppDelegate.swift */,
				787218EC27E1BB9900AAF61C /* SceneDelegate.swift */,
				787218EE27E1BB9900AAF61C /* ViewController.swift */,
				787218F027E1BB9900AAF61C /* Main.storyboard */,
				782618BD27E361A1005A6BD9 /* loginViewController.swift */,
				782618B927E360B2005A6BD9 /* tapViewController.swift */,
				787218F327E1BB9C00AAF61C /* Assets.xcassets */,
				787218F527E1BB9C00AAF61C /* LaunchScreen.storyboard */,
				787218F827E1BB9C00AAF61C /* Info.plist */,
			);
			path = signupPage;
			sourceTree = "<group>";
		};
/* End PBXGroup section */

/* Begin PBXNativeTarget section */
		787218E627E1BB9900AAF61C /* signupPage */ = {
			isa = PBXNativeTarget;
			buildConfigurationList = 787218FB27E1BB9C00AAF61C /* Build configuration list for PBXNativeTarget "signupPage" */;
			buildPhases = (
				787218E327E1BB9900AAF61C /* Sources */,
				787218E427E1BB9900AAF61C /* Frameworks */,
				787218E527E1BB9900AAF61C /* Resources */,
			);
			buildRules = (
			);
			dependencies = (
			);
			name = signupPage;
			productName = signupPage;
			productReference = 787218E727E1BB9900AAF61C /* signupPage.app */;
			productType = "com.apple.product-type.application";
		};
/* End PBXNativeTarget section */

/* Begin PBXProject section */
		787218DF27E1BB9900AAF61C /* Project object */ = {
			isa = PBXProject;
			attributes = {
				LastSwiftUpdateCheck = 1230;
				LastUpgradeCheck = 1230;
				TargetAttributes = {
					787218E627E1BB9900AAF61C = {
						CreatedOnToolsVersion = 12.3;
					};
				};
			};
			buildConfigurationList = 787218E227E1BB9900AAF61C /* Build configuration list for PBXProject "signupPage" */;
			compatibilityVersion = "Xcode 9.3";
			developmentRegion = en;
			hasScannedForEncodings = 0;
			knownRegions = (
				en,
				Base,
			);
			mainGroup = 787218DE27E1BB9900AAF61C;
			productRefGroup = 787218E827E1BB9900AAF61C /* Products */;
			projectDirPath = "";
			projectRoot = "";
			targets = (
				787218E627E1BB9900AAF61C /* signupPage */,
			);
		};
/* End PBXProject section */

/* Begin PBXResourcesBuildPhase section */
		787218E527E1BB9900AAF61C /* Resources */ = {
			isa = PBXResourcesBuildPhase;
			buildActionMask = 2147483647;
			files = (
				787218F727E1BB9C00AAF61C /* LaunchScreen.storyboard in Resources */,
				787218F427E1BB9C00AAF61C /* Assets.xcassets in Resources */,
				787218F227E1BB9900AAF61C /* Main.storyboard in Resources */,
			);
			runOnlyForDeploymentPostprocessing = 0;
		};
/* End PBXResourcesBuildPhase section */

/* Begin PBXSourcesBuildPhase section */
		787218E327E1BB9900AAF61C /* Sources */ = {
			isa = PBXSourcesBuildPhase;
			buildActionMask = 2147483647;
			files = (
				782618BA27E360B2005A6BD9 /* tapViewController.swift in Sources */,
				787218EF27E1BB9900AAF61C /* ViewController.swift in Sources */,
				787218EB27E1BB9900AAF61C /* AppDelegate.swift in Sources */,
				787218ED27E1BB9900AAF61C /* SceneDelegate.swift in Sources */,
				782618BE27E361A1005A6BD9 /* loginViewController.swift in Sources */,
			);
			runOnlyForDeploymentPostprocessing = 0;
		};
/* End PBXSourcesBuildPhase section */

/* Begin PBXVariantGroup section */
		787218F027E1BB9900AAF61C /* Main.storyboard */ = {
			isa = PBXVariantGroup;
			children = (
				787218F127E1BB9900AAF61C /* Base */,
			);
			name = Main.storyboard;
			sourceTree = "<group>";
		};
		787218F527E1BB9C00AAF61C /* LaunchScreen.storyboard */ = {
			isa = PBXVariantGroup;
			children = (
				787218F627E1BB9C00AAF61C /* Base */,
			);
			name = LaunchScreen.storyboard;
			sourceTree = "<group>";
		};
/* End PBXVariantGroup section */

/* Begin XCBuildConfiguration section */
		787218F927E1BB9C00AAF61C /* Debug */ = {
			isa = XCBuildConfiguration;
			buildSettings = {
				ALWAYS_SEARCH_USER_PATHS = NO;
				CLANG_ANALYZER_NONNULL = YES;
				CLANG_ANALYZER_NUMBER_OBJECT_CONVERSION = YES_AGGRESSIVE;
				CLANG_CXX_LANGUAGE_STANDARD = "gnu++14";
				CLANG_CXX_LIBRARY = "libc++";
				CLANG_ENABLE_MODULES = YES;
				CLANG_ENABLE_OBJC_ARC = YES;
				CLANG_ENABLE_OBJC_WEAK = YES;
				CLANG_WARN_BLOCK_CAPTURE_AUTORELEASING = YES;
				CLANG_WARN_BOOL_CONVERSION = YES;
				CLANG_WARN_COMMA = YES;
				CLANG_WARN_CONSTANT_CONVERSION = YES;
				CLANG_WARN_DEPRECATED_OBJC_IMPLEMENTATIONS = YES;
				CLANG_WARN_DIRECT_OBJC_ISA_USAGE = YES_ERROR;
				CLANG_WARN_DOCUMENTATION_COMMENTS = YES;
				CLANG_WARN_EMPTY_BODY = YES;
				CLANG_WARN_ENUM_CONVERSION = YES;
				CLANG_WARN_INFINITE_RECURSION = YES;
				CLANG_WARN_INT_CONVERSION = YES;
				CLANG_WARN_NON_LITERAL_NULL_CONVERSION = YES;
				CLANG_WARN_OBJC_IMPLICIT_RETAIN_SELF = YES;
				CLANG_WARN_OBJC_LITERAL_CONVERSION = YES;
				CLANG_WARN_OBJC_ROOT_CLASS = YES_ERROR;
				CLANG_WARN_QUOTED_INCLUDE_IN_FRAMEWORK_HEADER = YES;
				CLANG_WARN_RANGE_LOOP_ANALYSIS = YES;
				CLANG_WARN_STRICT_PROTOTYPES = YES;
				CLANG_WARN_SUSPICIOUS_MOVE = YES;
				CLANG_WARN_UNGUARDED_AVAILABILITY = YES_AGGRESSIVE;
				CLANG_WARN_UNREACHABLE_CODE = YES;
				CLANG_WARN__DUPLICATE_METHOD_MATCH = YES;
				COPY_PHASE_STRIP = NO;
				DEBUG_INFORMATION_FORMAT = dwarf;
				ENABLE_STRICT_OBJC_MSGSEND = YES;
				ENABLE_TESTABILITY = YES;
				GCC_C_LANGUAGE_STANDARD = gnu11;
				GCC_DYNAMIC_NO_PIC = NO;
				GCC_NO_COMMON_BLOCKS = YES;
				GCC_OPTIMIZATION_LEVEL = 0;
				GCC_PREPROCESSOR_DEFINITIONS = (
					"DEBUG=1",
					"$(inherited)",
				);
				GCC_WARN_64_TO_32_BIT_CONVERSION = YES;
				GCC_WARN_ABOUT_RETURN_TYPE = YES_ERROR;
				GCC_WARN_UNDECLARED_SELECTOR = YES;
				GCC_WARN_UNINITIALIZED_AUTOS = YES_AGGRESSIVE;
				GCC_WARN_UNUSED_FUNCTION = YES;
				GCC_WARN_UNUSED_VARIABLE = YES;
				IPHONEOS_DEPLOYMENT_TARGET = 14.3;
				MTL_ENABLE_DEBUG_INFO = INCLUDE_SOURCE;
				MTL_FAST_MATH = YES;
				ONLY_ACTIVE_ARCH = YES;
				SDKROOT = iphoneos;
				SWIFT_ACTIVE_COMPILATION_CONDITIONS = DEBUG;
				SWIFT_OPTIMIZATION_LEVEL = "-Onone";
			};
			name = Debug;
		};
		787218FA27E1BB9C00AAF61C /* Release */ = {
			isa = XCBuildConfiguration;
			buildSettings = {
				ALWAYS_SEARCH_USER_PATHS = NO;
				CLANG_ANALYZER_NONNULL = YES;
				CLANG_ANALYZER_NUMBER_OBJECT_CONVERSION = YES_AGGRESSIVE;
				CLANG_CXX_LANGUAGE_STANDARD = "gnu++14";
				CLANG_CXX_LIBRARY = "libc++";
				CLANG_ENABLE_MODULES = YES;
				CLANG_ENABLE_OBJC_ARC = YES;
				CLANG_ENABLE_OBJC_WEAK = YES;
				CLANG_WARN_BLOCK_CAPTURE_AUTORELEASING = YES;
				CLANG_WARN_BOOL_CONVERSION = YES;
				CLANG_WARN_COMMA = YES;
				CLANG_WARN_CONSTANT_CONVERSION = YES;
				CLANG_WARN_DEPRECATED_OBJC_IMPLEMENTATIONS = YES;
				CLANG_WARN_DIRECT_OBJC_ISA_USAGE = YES_ERROR;
				CLANG_WARN_DOCUMENTATION_COMMENTS = YES;
				CLANG_WARN_EMPTY_BODY = YES;
				CLANG_WARN_ENUM_CONVERSION = YES;
				CLANG_WARN_INFINITE_RECURSION = YES;
				CLANG_WARN_INT_CONVERSION = YES;
				CLANG_WARN_NON_LITERAL_NULL_CONVERSION = YES;
				CLANG_WARN_OBJC_IMPLICIT_RETAIN_SELF = YES;
				CLANG_WARN_OBJC_LITERAL_CONVERSION = YES;
				CLANG_WARN_OBJC_ROOT_CLASS = YES_ERROR;
				CLANG_WARN_QUOTED_INCLUDE_IN_FRAMEWORK_HEADER = YES;
				CLANG_WARN_RANGE_LOOP_ANALYSIS = YES;
				CLANG_WARN_STRICT_PROTOTYPES = YES;
				CLANG_WARN_SUSPICIOUS_MOVE = YES;
				CLANG_WARN_UNGUARDED_AVAILABILITY = YES_AGGRESSIVE;
				CLANG_WARN_UNREACHABLE_CODE = YES;
				CLANG_WARN__DUPLICATE_METHOD_MATCH = YES;
				COPY_PHASE_STRIP = NO;
				DEBUG_INFORMATION_FORMAT = "dwarf-with-dsym";
				ENABLE_NS_ASSERTIONS = NO;
				ENABLE_STRICT_OBJC_MSGSEND = YES;
				GCC_C_LANGUAGE_STANDARD = gnu11;
				GCC_NO_COMMON_BLOCKS = YES;
				GCC_WARN_64_TO_32_BIT_CONVERSION = YES;
				GCC_WARN_ABOUT_RETURN_TYPE = YES_ERROR;
				GCC_WARN_UNDECLARED_SELECTOR = YES;
				GCC_WARN_UNINITIALIZED_AUTOS = YES_AGGRESSIVE;
				GCC_WARN_UNUSED_FUNCTION = YES;
				GCC_WARN_UNUSED_VARIABLE = YES;
				IPHONEOS_DEPLOYMENT_TARGET = 14.3;
				MTL_ENABLE_DEBUG_INFO = NO;
				MTL_FAST_MATH = YES;
				SDKROOT = iphoneos;
				SWIFT_COMPILATION_MODE = wholemodule;
				SWIFT_OPTIMIZATION_LEVEL = "-O";
				VALIDATE_PRODUCT = YES;
			};
			name = Release;
		};
		787218FC27E1BB9C00AAF61C /* Debug */ = {
			isa = XCBuildConfiguration;
			buildSettings = {
				ASSETCATALOG_COMPILER_APPICON_NAME = AppIcon;
				ASSETCATALOG_COMPILER_GLOBAL_ACCENT_COLOR_NAME = AccentColor;
				CODE_SIGN_STYLE = Automatic;
				INFOPLIST_FILE = signupPage/Info.plist;
				LD_RUNPATH_SEARCH_PATHS = (
					"$(inherited)",
					"@executable_path/Frameworks",
				);
				PRODUCT_BUNDLE_IDENTIFIER = "Apple-Inc.signupPage";
				PRODUCT_NAME = "$(TARGET_NAME)";
				SWIFT_VERSION = 5.0;
				TARGETED_DEVICE_FAMILY = "1,2";
			};
			name = Debug;
		};
		787218FD27E1BB9C00AAF61C /* Release */ = {
			isa = XCBuildConfiguration;
			buildSettings = {
				ASSETCATALOG_COMPILER_APPICON_NAME = AppIcon;
				ASSETCATALOG_COMPILER_GLOBAL_ACCENT_COLOR_NAME = AccentColor;
				CODE_SIGN_STYLE = Automatic;
				INFOPLIST_FILE = signupPage/Info.plist;
				LD_RUNPATH_SEARCH_PATHS = (
					"$(inherited)",
					"@executable_path/Frameworks",
				);
				PRODUCT_BUNDLE_IDENTIFIER = "Apple-Inc.signupPage";
				PRODUCT_NAME = "$(TARGET_NAME)";
				SWIFT_VERSION = 5.0;
				TARGETED_DEVICE_FAMILY = "1,2";
			};
			name = Release;
		};
/* End XCBuildConfiguration section */

/* Begin XCConfigurationList section */
		787218E227E1BB9900AAF61C /* Build configuration list for PBXProject "signupPage" */ = {
			isa = XCConfigurationList;
			buildConfigurations = (
				787218F927E1BB9C00AAF61C /* Debug */,
				787218FA27E1BB9C00AAF61C /* Release */,
			);
			defaultConfigurationIsVisible = 0;
			defaultConfigurationName = Release;
		};
		787218FB27E1BB9C00AAF61C /* Build configuration list for PBXNativeTarget "signupPage" */ = {
			isa = XCConfigurationList;
			buildConfigurations = (
				787218FC27E1BB9C00AAF61C /* Debug */,
				787218FD27E1BB9C00AAF61C /* Release */,
			);
			defaultConfigurationIsVisible = 0;
			defaultConfigurationName = Release;
		};
/* End XCConfigurationList section */
	};
	rootObject = 787218DF27E1BB9900AAF61C /* Project object */;
}
