// !$*UTF8*$!
{
	archiveVersion = 1;
	classes = {
	};
	objectVersion = 50;
	objects = {

/* Begin PBXBuildFile section */
		27721F990B7383E6679E3CCE /* Pods_podsSideMenu.framework in Frameworks */ = {isa = PBXBuildFile; fileRef = 53A3155C887A0FFC78B91532 /* Pods_podsSideMenu.framework */; };
		7876C3C52806BE6600A5A623 /* AppDelegate.swift in Sources */ = {isa = PBXBuildFile; fileRef = 7876C3C42806BE6600A5A623 /* AppDelegate.swift */; };
		7876C3C72806BE6600A5A623 /* SceneDelegate.swift in Sources */ = {isa = PBXBuildFile; fileRef = 7876C3C62806BE6600A5A623 /* SceneDelegate.swift */; };
		7876C3C92806BE6600A5A623 /* ViewController.swift in Sources */ = {isa = PBXBuildFile; fileRef = 7876C3C82806BE6600A5A623 /* ViewController.swift */; };
		7876C3CC2806BE6600A5A623 /* Main.storyboard in Resources */ = {isa = PBXBuildFile; fileRef = 7876C3CA2806BE6600A5A623 /* Main.storyboard */; };
		7876C3CE2806BE6700A5A623 /* Assets.xcassets in Resources */ = {isa = PBXBuildFile; fileRef = 7876C3CD2806BE6700A5A623 /* Assets.xcassets */; };
		7876C3D12806BE6700A5A623 /* LaunchScreen.storyboard in Resources */ = {isa = PBXBuildFile; fileRef = 7876C3CF2806BE6700A5A623 /* LaunchScreen.storyboard */; };
/* End PBXBuildFile section */

/* Begin PBXFileReference section */
		53A3155C887A0FFC78B91532 /* Pods_podsSideMenu.framework */ = {isa = PBXFileReference; explicitFileType = wrapper.framework; includeInIndex = 0; path = Pods_podsSideMenu.framework; sourceTree = BUILT_PRODUCTS_DIR; };
		7876C3C12806BE6600A5A623 /* podsSideMenu.app */ = {isa = PBXFileReference; explicitFileType = wrapper.application; includeInIndex = 0; path = podsSideMenu.app; sourceTree = BUILT_PRODUCTS_DIR; };
		7876C3C42806BE6600A5A623 /* AppDelegate.swift */ = {isa = PBXFileReference; lastKnownFileType = sourcecode.swift; path = AppDelegate.swift; sourceTree = "<group>"; };
		7876C3C62806BE6600A5A623 /* SceneDelegate.swift */ = {isa = PBXFileReference; lastKnownFileType = sourcecode.swift; path = SceneDelegate.swift; sourceTree = "<group>"; };
		7876C3C82806BE6600A5A623 /* ViewController.swift */ = {isa = PBXFileReference; lastKnownFileType = sourcecode.swift; path = ViewController.swift; sourceTree = "<group>"; };
		7876C3CB2806BE6600A5A623 /* Base */ = {isa = PBXFileReference; lastKnownFileType = file.storyboard; name = Base; path = Base.lproj/Main.storyboard; sourceTree = "<group>"; };
		7876C3CD2806BE6700A5A623 /* Assets.xcassets */ = {isa = PBXFileReference; lastKnownFileType = folder.assetcatalog; path = Assets.xcassets; sourceTree = "<group>"; };
		7876C3D02806BE6700A5A623 /* Base */ = {isa = PBXFileReference; lastKnownFileType = file.storyboard; name = Base; path = Base.lproj/LaunchScreen.storyboard; sourceTree = "<group>"; };
		7876C3D22806BE6700A5A623 /* Info.plist */ = {isa = PBXFileReference; lastKnownFileType = text.plist.xml; path = Info.plist; sourceTree = "<group>"; };
		7E85A77F98F3595806BD3547 /* Pods-podsSideMenu.release.xcconfig */ = {isa = PBXFileReference; includeInIndex = 1; lastKnownFileType = text.xcconfig; name = "Pods-podsSideMenu.release.xcconfig"; path = "Target Support Files/Pods-podsSideMenu/Pods-podsSideMenu.release.xcconfig"; sourceTree = "<group>"; };
		A741FE6ECC63F56F470FBC66 /* Pods-podsSideMenu.debug.xcconfig */ = {isa = PBXFileReference; includeInIndex = 1; lastKnownFileType = text.xcconfig; name = "Pods-podsSideMenu.debug.xcconfig"; path = "Target Support Files/Pods-podsSideMenu/Pods-podsSideMenu.debug.xcconfig"; sourceTree = "<group>"; };
/* End PBXFileReference section */

/* Begin PBXFrameworksBuildPhase section */
		7876C3BE2806BE6600A5A623 /* Frameworks */ = {
			isa = PBXFrameworksBuildPhase;
			buildActionMask = 2147483647;
			files = (
				27721F990B7383E6679E3CCE /* Pods_podsSideMenu.framework in Frameworks */,
			);
			runOnlyForDeploymentPostprocessing = 0;
		};
/* End PBXFrameworksBuildPhase section */

/* Begin PBXGroup section */
		7876C3B82806BE6600A5A623 = {
			isa = PBXGroup;
			children = (
				7876C3C32806BE6600A5A623 /* podsSideMenu */,
				7876C3C22806BE6600A5A623 /* Products */,
				AA0760BBE74A1AB853D5CF9D /* Pods */,
				A588FDB411F46DB90184C088 /* Frameworks */,
			);
			sourceTree = "<group>";
		};
		7876C3C22806BE6600A5A623 /* Products */ = {
			isa = PBXGroup;
			children = (
				7876C3C12806BE6600A5A623 /* podsSideMenu.app */,
			);
			name = Products;
			sourceTree = "<group>";
		};
		7876C3C32806BE6600A5A623 /* podsSideMenu */ = {
			isa = PBXGroup;
			children = (
				7876C3C42806BE6600A5A623 /* AppDelegate.swift */,
				7876C3C62806BE6600A5A623 /* SceneDelegate.swift */,
				7876C3C82806BE6600A5A623 /* ViewController.swift */,
				7876C3CA2806BE6600A5A623 /* Main.storyboard */,
				7876C3CD2806BE6700A5A623 /* Assets.xcassets */,
				7876C3CF2806BE6700A5A623 /* LaunchScreen.storyboard */,
				7876C3D22806BE6700A5A623 /* Info.plist */,
			);
			path = podsSideMenu;
			sourceTree = "<group>";
		};
		A588FDB411F46DB90184C088 /* Frameworks */ = {
			isa = PBXGroup;
			children = (
				53A3155C887A0FFC78B91532 /* Pods_podsSideMenu.framework */,
			);
			name = Frameworks;
			sourceTree = "<group>";
		};
		AA0760BBE74A1AB853D5CF9D /* Pods */ = {
			isa = PBXGroup;
			children = (
				A741FE6ECC63F56F470FBC66 /* Pods-podsSideMenu.debug.xcconfig */,
				7E85A77F98F3595806BD3547 /* Pods-podsSideMenu.release.xcconfig */,
			);
			name = Pods;
			path = Pods;
			sourceTree = "<group>";
		};
/* End PBXGroup section */

/* Begin PBXNativeTarget section */
		7876C3C02806BE6600A5A623 /* podsSideMenu */ = {
			isa = PBXNativeTarget;
			buildConfigurationList = 7876C3D52806BE6700A5A623 /* Build configuration list for PBXNativeTarget "podsSideMenu" */;
			buildPhases = (
				456E1CE975688D394AA360B0 /* [CP] Check Pods Manifest.lock */,
				7876C3BD2806BE6600A5A623 /* Sources */,
				7876C3BE2806BE6600A5A623 /* Frameworks */,
				7876C3BF2806BE6600A5A623 /* Resources */,
				39760C359A0DB13304336D94 /* [CP] Embed Pods Frameworks */,
			);
			buildRules = (
			);
			dependencies = (
			);
			name = podsSideMenu;
			productName = podsSideMenu;
			productReference = 7876C3C12806BE6600A5A623 /* podsSideMenu.app */;
			productType = "com.apple.product-type.application";
		};
/* End PBXNativeTarget section */

/* Begin PBXProject section */
		7876C3B92806BE6600A5A623 /* Project object */ = {
			isa = PBXProject;
			attributes = {
				LastSwiftUpdateCheck = 1230;
				LastUpgradeCheck = 1230;
				TargetAttributes = {
					7876C3C02806BE6600A5A623 = {
						CreatedOnToolsVersion = 12.3;
					};
				};
			};
			buildConfigurationList = 7876C3BC2806BE6600A5A623 /* Build configuration list for PBXProject "podsSideMenu" */;
			compatibilityVersion = "Xcode 9.3";
			developmentRegion = en;
			hasScannedForEncodings = 0;
			knownRegions = (
				en,
				Base,
			);
			mainGroup = 7876C3B82806BE6600A5A623;
			productRefGroup = 7876C3C22806BE6600A5A623 /* Products */;
			projectDirPath = "";
			projectRoot = "";
			targets = (
				7876C3C02806BE6600A5A623 /* podsSideMenu */,
			);
		};
/* End PBXProject section */

/* Begin PBXResourcesBuildPhase section */
		7876C3BF2806BE6600A5A623 /* Resources */ = {
			isa = PBXResourcesBuildPhase;
			buildActionMask = 2147483647;
			files = (
				7876C3D12806BE6700A5A623 /* LaunchScreen.storyboard in Resources */,
				7876C3CE2806BE6700A5A623 /* Assets.xcassets in Resources */,
				7876C3CC2806BE6600A5A623 /* Main.storyboard in Resources */,
			);
			runOnlyForDeploymentPostprocessing = 0;
		};
/* End PBXResourcesBuildPhase section */

/* Begin PBXShellScriptBuildPhase section */
		39760C359A0DB13304336D94 /* [CP] Embed Pods Frameworks */ = {
			isa = PBXShellScriptBuildPhase;
			buildActionMask = 2147483647;
			files = (
			);
			inputFileListPaths = (
				"${PODS_ROOT}/Target Support Files/Pods-podsSideMenu/Pods-podsSideMenu-frameworks-${CONFIGURATION}-input-files.xcfilelist",
			);
			name = "[CP] Embed Pods Frameworks";
			outputFileListPaths = (
				"${PODS_ROOT}/Target Support Files/Pods-podsSideMenu/Pods-podsSideMenu-frameworks-${CONFIGURATION}-output-files.xcfilelist",
			);
			runOnlyForDeploymentPostprocessing = 0;
			shellPath = /bin/sh;
			shellScript = "\"${PODS_ROOT}/Target Support Files/Pods-podsSideMenu/Pods-podsSideMenu-frameworks.sh\"\n";
			showEnvVarsInLog = 0;
		};
		456E1CE975688D394AA360B0 /* [CP] Check Pods Manifest.lock */ = {
			isa = PBXShellScriptBuildPhase;
			buildActionMask = 2147483647;
			files = (
			);
			inputFileListPaths = (
			);
			inputPaths = (
				"${PODS_PODFILE_DIR_PATH}/Podfile.lock",
				"${PODS_ROOT}/Manifest.lock",
			);
			name = "[CP] Check Pods Manifest.lock";
			outputFileListPaths = (
			);
			outputPaths = (
				"$(DERIVED_FILE_DIR)/Pods-podsSideMenu-checkManifestLockResult.txt",
			);
			runOnlyForDeploymentPostprocessing = 0;
			shellPath = /bin/sh;
			shellScript = "diff \"${PODS_PODFILE_DIR_PATH}/Podfile.lock\" \"${PODS_ROOT}/Manifest.lock\" > /dev/null\nif [ $? != 0 ] ; then\n    # print error to STDERR\n    echo \"error: The sandbox is not in sync with the Podfile.lock. Run 'pod install' or update your CocoaPods installation.\" >&2\n    exit 1\nfi\n# This output is used by Xcode 'outputs' to avoid re-running this script phase.\necho \"SUCCESS\" > \"${SCRIPT_OUTPUT_FILE_0}\"\n";
			showEnvVarsInLog = 0;
		};
/* End PBXShellScriptBuildPhase section */

/* Begin PBXSourcesBuildPhase section */
		7876C3BD2806BE6600A5A623 /* Sources */ = {
			isa = PBXSourcesBuildPhase;
			buildActionMask = 2147483647;
			files = (
				7876C3C92806BE6600A5A623 /* ViewController.swift in Sources */,
				7876C3C52806BE6600A5A623 /* AppDelegate.swift in Sources */,
				7876C3C72806BE6600A5A623 /* SceneDelegate.swift in Sources */,
			);
			runOnlyForDeploymentPostprocessing = 0;
		};
/* End PBXSourcesBuildPhase section */

/* Begin PBXVariantGroup section */
		7876C3CA2806BE6600A5A623 /* Main.storyboard */ = {
			isa = PBXVariantGroup;
			children = (
				7876C3CB2806BE6600A5A623 /* Base */,
			);
			name = Main.storyboard;
			sourceTree = "<group>";
		};
		7876C3CF2806BE6700A5A623 /* LaunchScreen.storyboard */ = {
			isa = PBXVariantGroup;
			children = (
				7876C3D02806BE6700A5A623 /* Base */,
			);
			name = LaunchScreen.storyboard;
			sourceTree = "<group>";
		};
/* End PBXVariantGroup section */

/* Begin XCBuildConfiguration section */
		7876C3D32806BE6700A5A623 /* Debug */ = {
			isa = XCBuildConfiguration;
			buildSettings = {
				ALWAYS_SEARCH_USER_PATHS = NO;
				CLANG_ANALYZER_NONNULL = YES;
				CLANG_ANALYZER_NUMBER_OBJECT_CONVERSION = YES_AGGRESSIVE;
				CLANG_CXX_LANGUAGE_STANDARD = "gnu++14";
				CLANG_CXX_LIBRARY = "libc++";
				CLANG_ENABLE_MODULES = YES;
				CLANG_ENABLE_OBJC_ARC = YES;
				CLANG_ENABLE_OBJC_WEAK = YES;
				CLANG_WARN_BLOCK_CAPTURE_AUTORELEASING = YES;
				CLANG_WARN_BOOL_CONVERSION = YES;
				CLANG_WARN_COMMA = YES;
				CLANG_WARN_CONSTANT_CONVERSION = YES;
				CLANG_WARN_DEPRECATED_OBJC_IMPLEMENTATIONS = YES;
				CLANG_WARN_DIRECT_OBJC_ISA_USAGE = YES_ERROR;
				CLANG_WARN_DOCUMENTATION_COMMENTS = YES;
				CLANG_WARN_EMPTY_BODY = YES;
				CLANG_WARN_ENUM_CONVERSION = YES;
				CLANG_WARN_INFINITE_RECURSION = YES;
				CLANG_WARN_INT_CONVERSION = YES;
				CLANG_WARN_NON_LITERAL_NULL_CONVERSION = YES;
				CLANG_WARN_OBJC_IMPLICIT_RETAIN_SELF = YES;
				CLANG_WARN_OBJC_LITERAL_CONVERSION = YES;
				CLANG_WARN_OBJC_ROOT_CLASS = YES_ERROR;
				CLANG_WARN_QUOTED_INCLUDE_IN_FRAMEWORK_HEADER = YES;
				CLANG_WARN_RANGE_LOOP_ANALYSIS = YES;
				CLANG_WARN_STRICT_PROTOTYPES = YES;
				CLANG_WARN_SUSPICIOUS_MOVE = YES;
				CLANG_WARN_UNGUARDED_AVAILABILITY = YES_AGGRESSIVE;
				CLANG_WARN_UNREACHABLE_CODE = YES;
				CLANG_WARN__DUPLICATE_METHOD_MATCH = YES;
				COPY_PHASE_STRIP = NO;
				DEBUG_INFORMATION_FORMAT = dwarf;
				ENABLE_STRICT_OBJC_MSGSEND = YES;
				ENABLE_TESTABILITY = YES;
				GCC_C_LANGUAGE_STANDARD = gnu11;
				GCC_DYNAMIC_NO_PIC = NO;
				GCC_NO_COMMON_BLOCKS = YES;
				GCC_OPTIMIZATION_LEVEL = 0;
				GCC_PREPROCESSOR_DEFINITIONS = (
					"DEBUG=1",
					"$(inherited)",
				);
				GCC_WARN_64_TO_32_BIT_CONVERSION = YES;
				GCC_WARN_ABOUT_RETURN_TYPE = YES_ERROR;
				GCC_WARN_UNDECLARED_SELECTOR = YES;
				GCC_WARN_UNINITIALIZED_AUTOS = YES_AGGRESSIVE;
				GCC_WARN_UNUSED_FUNCTION = YES;
				GCC_WARN_UNUSED_VARIABLE = YES;
				IPHONEOS_DEPLOYMENT_TARGET = 14.3;
				MTL_ENABLE_DEBUG_INFO = INCLUDE_SOURCE;
				MTL_FAST_MATH = YES;
				ONLY_ACTIVE_ARCH = YES;
				SDKROOT = iphoneos;
				SWIFT_ACTIVE_COMPILATION_CONDITIONS = DEBUG;
				SWIFT_OPTIMIZATION_LEVEL = "-Onone";
			};
			name = Debug;
		};
		7876C3D42806BE6700A5A623 /* Release */ = {
			isa = XCBuildConfiguration;
			buildSettings = {
				ALWAYS_SEARCH_USER_PATHS = NO;
				CLANG_ANALYZER_NONNULL = YES;
				CLANG_ANALYZER_NUMBER_OBJECT_CONVERSION = YES_AGGRESSIVE;
				CLANG_CXX_LANGUAGE_STANDARD = "gnu++14";
				CLANG_CXX_LIBRARY = "libc++";
				CLANG_ENABLE_MODULES = YES;
				CLANG_ENABLE_OBJC_ARC = YES;
				CLANG_ENABLE_OBJC_WEAK = YES;
				CLANG_WARN_BLOCK_CAPTURE_AUTORELEASING = YES;
				CLANG_WARN_BOOL_CONVERSION = YES;
				CLANG_WARN_COMMA = YES;
				CLANG_WARN_CONSTANT_CONVERSION = YES;
				CLANG_WARN_DEPRECATED_OBJC_IMPLEMENTATIONS = YES;
				CLANG_WARN_DIRECT_OBJC_ISA_USAGE = YES_ERROR;
				CLANG_WARN_DOCUMENTATION_COMMENTS = YES;
				CLANG_WARN_EMPTY_BODY = YES;
				CLANG_WARN_ENUM_CONVERSION = YES;
				CLANG_WARN_INFINITE_RECURSION = YES;
				CLANG_WARN_INT_CONVERSION = YES;
				CLANG_WARN_NON_LITERAL_NULL_CONVERSION = YES;
				CLANG_WARN_OBJC_IMPLICIT_RETAIN_SELF = YES;
				CLANG_WARN_OBJC_LITERAL_CONVERSION = YES;
				CLANG_WARN_OBJC_ROOT_CLASS = YES_ERROR;
				CLANG_WARN_QUOTED_INCLUDE_IN_FRAMEWORK_HEADER = YES;
				CLANG_WARN_RANGE_LOOP_ANALYSIS = YES;
				CLANG_WARN_STRICT_PROTOTYPES = YES;
				CLANG_WARN_SUSPICIOUS_MOVE = YES;
				CLANG_WARN_UNGUARDED_AVAILABILITY = YES_AGGRESSIVE;
				CLANG_WARN_UNREACHABLE_CODE = YES;
				CLANG_WARN__DUPLICATE_METHOD_MATCH = YES;
				COPY_PHASE_STRIP = NO;
				DEBUG_INFORMATION_FORMAT = "dwarf-with-dsym";
				ENABLE_NS_ASSERTIONS = NO;
				ENABLE_STRICT_OBJC_MSGSEND = YES;
				GCC_C_LANGUAGE_STANDARD = gnu11;
				GCC_NO_COMMON_BLOCKS = YES;
				GCC_WARN_64_TO_32_BIT_CONVERSION = YES;
				GCC_WARN_ABOUT_RETURN_TYPE = YES_ERROR;
				GCC_WARN_UNDECLARED_SELECTOR = YES;
				GCC_WARN_UNINITIALIZED_AUTOS = YES_AGGRESSIVE;
				GCC_WARN_UNUSED_FUNCTION = YES;
				GCC_WARN_UNUSED_VARIABLE = YES;
				IPHONEOS_DEPLOYMENT_TARGET = 14.3;
				MTL_ENABLE_DEBUG_INFO = NO;
				MTL_FAST_MATH = YES;
				SDKROOT = iphoneos;
				SWIFT_COMPILATION_MODE = wholemodule;
				SWIFT_OPTIMIZATION_LEVEL = "-O";
				VALIDATE_PRODUCT = YES;
			};
			name = Release;
		};
		7876C3D62806BE6700A5A623 /* Debug */ = {
			isa = XCBuildConfiguration;
			baseConfigurationReference = A741FE6ECC63F56F470FBC66 /* Pods-podsSideMenu.debug.xcconfig */;
			buildSettings = {
				ASSETCATALOG_COMPILER_APPICON_NAME = AppIcon;
				ASSETCATALOG_COMPILER_GLOBAL_ACCENT_COLOR_NAME = AccentColor;
				CODE_SIGN_STYLE = Automatic;
				INFOPLIST_FILE = podsSideMenu/Info.plist;
				LD_RUNPATH_SEARCH_PATHS = (
					"$(inherited)",
					"@executable_path/Frameworks",
				);
				PRODUCT_BUNDLE_IDENTIFIER = "Apple-Inc.podsSideMenu";
				PRODUCT_NAME = "$(TARGET_NAME)";
				SWIFT_VERSION = 5.0;
				TARGETED_DEVICE_FAMILY = "1,2";
			};
			name = Debug;
		};
		7876C3D72806BE6700A5A623 /* Release */ = {
			isa = XCBuildConfiguration;
			baseConfigurationReference = 7E85A77F98F3595806BD3547 /* Pods-podsSideMenu.release.xcconfig */;
			buildSettings = {
				ASSETCATALOG_COMPILER_APPICON_NAME = AppIcon;
				ASSETCATALOG_COMPILER_GLOBAL_ACCENT_COLOR_NAME = AccentColor;
				CODE_SIGN_STYLE = Automatic;
				INFOPLIST_FILE = podsSideMenu/Info.plist;
				LD_RUNPATH_SEARCH_PATHS = (
					"$(inherited)",
					"@executable_path/Frameworks",
				);
				PRODUCT_BUNDLE_IDENTIFIER = "Apple-Inc.podsSideMenu";
				PRODUCT_NAME = "$(TARGET_NAME)";
				SWIFT_VERSION = 5.0;
				TARGETED_DEVICE_FAMILY = "1,2";
			};
			name = Release;
		};
/* End XCBuildConfiguration section */

/* Begin XCConfigurationList section */
		7876C3BC2806BE6600A5A623 /* Build configuration list for PBXProject "podsSideMenu" */ = {
			isa = XCConfigurationList;
			buildConfigurations = (
				7876C3D32806BE6700A5A623 /* Debug */,
				7876C3D42806BE6700A5A623 /* Release */,
			);
			defaultConfigurationIsVisible = 0;
			defaultConfigurationName = Release;
		};
		7876C3D52806BE6700A5A623 /* Build configuration list for PBXNativeTarget "podsSideMenu" */ = {
			isa = XCConfigurationList;
			buildConfigurations = (
				7876C3D62806BE6700A5A623 /* Debug */,
				7876C3D72806BE6700A5A623 /* Release */,
			);
			defaultConfigurationIsVisible = 0;
			defaultConfigurationName = Release;
		};
/* End XCConfigurationList section */
	};
	rootObject = 7876C3B92806BE6600A5A623 /* Project object */;
}
