// !$*UTF8*$!
{
	archiveVersion = 1;
	classes = {
	};
	objectVersion = 50;
	objects = {

/* Begin PBXBuildFile section */
		78698A0F27F1B9A100519CA6 /* AppDelegate.swift in Sources */ = {isa = PBXBuildFile; fileRef = 78698A0E27F1B9A100519CA6 /* AppDelegate.swift */; };
		78698A1127F1B9A200519CA6 /* SceneDelegate.swift in Sources */ = {isa = PBXBuildFile; fileRef = 78698A1027F1B9A200519CA6 /* SceneDelegate.swift */; };
		78698A1327F1B9A200519CA6 /* ViewController.swift in Sources */ = {isa = PBXBuildFile; fileRef = 78698A1227F1B9A200519CA6 /* ViewController.swift */; };
		78698A1627F1B9A200519CA6 /* Main.storyboard in Resources */ = {isa = PBXBuildFile; fileRef = 78698A1427F1B9A200519CA6 /* Main.storyboard */; };
		78698A1927F1B9A200519CA6 /* progressView.xcdatamodeld in Sources */ = {isa = PBXBuildFile; fileRef = 78698A1727F1B9A200519CA6 /* progressView.xcdatamodeld */; };
		78698A1B27F1B9A400519CA6 /* Assets.xcassets in Resources */ = {isa = PBXBuildFile; fileRef = 78698A1A27F1B9A400519CA6 /* Assets.xcassets */; };
		78698A1E27F1B9A400519CA6 /* LaunchScreen.storyboard in Resources */ = {isa = PBXBuildFile; fileRef = 78698A1C27F1B9A400519CA6 /* LaunchScreen.storyboard */; };
/* End PBXBuildFile section */

/* Begin PBXFileReference section */
		78698A0B27F1B9A100519CA6 /* progressView.app */ = {isa = PBXFileReference; explicitFileType = wrapper.application; includeInIndex = 0; path = progressView.app; sourceTree = BUILT_PRODUCTS_DIR; };
		78698A0E27F1B9A100519CA6 /* AppDelegate.swift */ = {isa = PBXFileReference; lastKnownFileType = sourcecode.swift; path = AppDelegate.swift; sourceTree = "<group>"; };
		78698A1027F1B9A200519CA6 /* SceneDelegate.swift */ = {isa = PBXFileReference; lastKnownFileType = sourcecode.swift; path = SceneDelegate.swift; sourceTree = "<group>"; };
		78698A1227F1B9A200519CA6 /* ViewController.swift */ = {isa = PBXFileReference; lastKnownFileType = sourcecode.swift; path = ViewController.swift; sourceTree = "<group>"; };
		78698A1527F1B9A200519CA6 /* Base */ = {isa = PBXFileReference; lastKnownFileType = file.storyboard; name = Base; path = Base.lproj/Main.storyboard; sourceTree = "<group>"; };
		78698A1827F1B9A200519CA6 /* progressView.xcdatamodel */ = {isa = PBXFileReference; lastKnownFileType = wrapper.xcdatamodel; path = progressView.xcdatamodel; sourceTree = "<group>"; };
		78698A1A27F1B9A400519CA6 /* Assets.xcassets */ = {isa = PBXFileReference; lastKnownFileType = folder.assetcatalog; path = Assets.xcassets; sourceTree = "<group>"; };
		78698A1D27F1B9A400519CA6 /* Base */ = {isa = PBXFileReference; lastKnownFileType = file.storyboard; name = Base; path = Base.lproj/LaunchScreen.storyboard; sourceTree = "<group>"; };
		78698A1F27F1B9A400519CA6 /* Info.plist */ = {isa = PBXFileReference; lastKnownFileType = text.plist.xml; path = Info.plist; sourceTree = "<group>"; };
/* End PBXFileReference section */

/* Begin PBXFrameworksBuildPhase section */
		78698A0827F1B9A100519CA6 /* Frameworks */ = {
			isa = PBXFrameworksBuildPhase;
			buildActionMask = 2147483647;
			files = (
			);
			runOnlyForDeploymentPostprocessing = 0;
		};
/* End PBXFrameworksBuildPhase section */

/* Begin PBXGroup section */
		78698A0227F1B9A100519CA6 = {
			isa = PBXGroup;
			children = (
				78698A0D27F1B9A100519CA6 /* progressView */,
				78698A0C27F1B9A100519CA6 /* Products */,
			);
			sourceTree = "<group>";
		};
		78698A0C27F1B9A100519CA6 /* Products */ = {
			isa = PBXGroup;
			children = (
				78698A0B27F1B9A100519CA6 /* progressView.app */,
			);
			name = Products;
			sourceTree = "<group>";
		};
		78698A0D27F1B9A100519CA6 /* progressView */ = {
			isa = PBXGroup;
			children = (
				78698A0E27F1B9A100519CA6 /* AppDelegate.swift */,
				78698A1027F1B9A200519CA6 /* SceneDelegate.swift */,
				78698A1227F1B9A200519CA6 /* ViewController.swift */,
				78698A1427F1B9A200519CA6 /* Main.storyboard */,
				78698A1A27F1B9A400519CA6 /* Assets.xcassets */,
				78698A1C27F1B9A400519CA6 /* LaunchScreen.storyboard */,
				78698A1F27F1B9A400519CA6 /* Info.plist */,
				78698A1727F1B9A200519CA6 /* progressView.xcdatamodeld */,
			);
			path = progressView;
			sourceTree = "<group>";
		};
/* End PBXGroup section */

/* Begin PBXNativeTarget section */
		78698A0A27F1B9A100519CA6 /* progressView */ = {
			isa = PBXNativeTarget;
			buildConfigurationList = 78698A2227F1B9A400519CA6 /* Build configuration list for PBXNativeTarget "progressView" */;
			buildPhases = (
				78698A0727F1B9A100519CA6 /* Sources */,
				78698A0827F1B9A100519CA6 /* Frameworks */,
				78698A0927F1B9A100519CA6 /* Resources */,
			);
			buildRules = (
			);
			dependencies = (
			);
			name = progressView;
			productName = progressView;
			productReference = 78698A0B27F1B9A100519CA6 /* progressView.app */;
			productType = "com.apple.product-type.application";
		};
/* End PBXNativeTarget section */

/* Begin PBXProject section */
		78698A0327F1B9A100519CA6 /* Project object */ = {
			isa = PBXProject;
			attributes = {
				LastSwiftUpdateCheck = 1230;
				LastUpgradeCheck = 1230;
				TargetAttributes = {
					78698A0A27F1B9A100519CA6 = {
						CreatedOnToolsVersion = 12.3;
					};
				};
			};
			buildConfigurationList = 78698A0627F1B9A100519CA6 /* Build configuration list for PBXProject "progressView" */;
			compatibilityVersion = "Xcode 9.3";
			developmentRegion = en;
			hasScannedForEncodings = 0;
			knownRegions = (
				en,
				Base,
			);
			mainGroup = 78698A0227F1B9A100519CA6;
			productRefGroup = 78698A0C27F1B9A100519CA6 /* Products */;
			projectDirPath = "";
			projectRoot = "";
			targets = (
				78698A0A27F1B9A100519CA6 /* progressView */,
			);
		};
/* End PBXProject section */

/* Begin PBXResourcesBuildPhase section */
		78698A0927F1B9A100519CA6 /* Resources */ = {
			isa = PBXResourcesBuildPhase;
			buildActionMask = 2147483647;
			files = (
				78698A1E27F1B9A400519CA6 /* LaunchScreen.storyboard in Resources */,
				78698A1B27F1B9A400519CA6 /* Assets.xcassets in Resources */,
				78698A1627F1B9A200519CA6 /* Main.storyboard in Resources */,
			);
			runOnlyForDeploymentPostprocessing = 0;
		};
/* End PBXResourcesBuildPhase section */

/* Begin PBXSourcesBuildPhase section */
		78698A0727F1B9A100519CA6 /* Sources */ = {
			isa = PBXSourcesBuildPhase;
			buildActionMask = 2147483647;
			files = (
				78698A1327F1B9A200519CA6 /* ViewController.swift in Sources */,
				78698A1927F1B9A200519CA6 /* progressView.xcdatamodeld in Sources */,
				78698A0F27F1B9A100519CA6 /* AppDelegate.swift in Sources */,
				78698A1127F1B9A200519CA6 /* SceneDelegate.swift in Sources */,
			);
			runOnlyForDeploymentPostprocessing = 0;
		};
/* End PBXSourcesBuildPhase section */

/* Begin PBXVariantGroup section */
		78698A1427F1B9A200519CA6 /* Main.storyboard */ = {
			isa = PBXVariantGroup;
			children = (
				78698A1527F1B9A200519CA6 /* Base */,
			);
			name = Main.storyboard;
			sourceTree = "<group>";
		};
		78698A1C27F1B9A400519CA6 /* LaunchScreen.storyboard */ = {
			isa = PBXVariantGroup;
			children = (
				78698A1D27F1B9A400519CA6 /* Base */,
			);
			name = LaunchScreen.storyboard;
			sourceTree = "<group>";
		};
/* End PBXVariantGroup section */

/* Begin XCBuildConfiguration section */
		78698A2027F1B9A400519CA6 /* Debug */ = {
			isa = XCBuildConfiguration;
			buildSettings = {
				ALWAYS_SEARCH_USER_PATHS = NO;
				CLANG_ANALYZER_NONNULL = YES;
				CLANG_ANALYZER_NUMBER_OBJECT_CONVERSION = YES_AGGRESSIVE;
				CLANG_CXX_LANGUAGE_STANDARD = "gnu++14";
				CLANG_CXX_LIBRARY = "libc++";
				CLANG_ENABLE_MODULES = YES;
				CLANG_ENABLE_OBJC_ARC = YES;
				CLANG_ENABLE_OBJC_WEAK = YES;
				CLANG_WARN_BLOCK_CAPTURE_AUTORELEASING = YES;
				CLANG_WARN_BOOL_CONVERSION = YES;
				CLANG_WARN_COMMA = YES;
				CLANG_WARN_CONSTANT_CONVERSION = YES;
				CLANG_WARN_DEPRECATED_OBJC_IMPLEMENTATIONS = YES;
				CLANG_WARN_DIRECT_OBJC_ISA_USAGE = YES_ERROR;
				CLANG_WARN_DOCUMENTATION_COMMENTS = YES;
				CLANG_WARN_EMPTY_BODY = YES;
				CLANG_WARN_ENUM_CONVERSION = YES;
				CLANG_WARN_INFINITE_RECURSION = YES;
				CLANG_WARN_INT_CONVERSION = YES;
				CLANG_WARN_NON_LITERAL_NULL_CONVERSION = YES;
				CLANG_WARN_OBJC_IMPLICIT_RETAIN_SELF = YES;
				CLANG_WARN_OBJC_LITERAL_CONVERSION = YES;
				CLANG_WARN_OBJC_ROOT_CLASS = YES_ERROR;
				CLANG_WARN_QUOTED_INCLUDE_IN_FRAMEWORK_HEADER = YES;
				CLANG_WARN_RANGE_LOOP_ANALYSIS = YES;
				CLANG_WARN_STRICT_PROTOTYPES = YES;
				CLANG_WARN_SUSPICIOUS_MOVE = YES;
				CLANG_WARN_UNGUARDED_AVAILABILITY = YES_AGGRESSIVE;
				CLANG_WARN_UNREACHABLE_CODE = YES;
				CLANG_WARN__DUPLICATE_METHOD_MATCH = YES;
				COPY_PHASE_STRIP = NO;
				DEBUG_INFORMATION_FORMAT = dwarf;
				ENABLE_STRICT_OBJC_MSGSEND = YES;
				ENABLE_TESTABILITY = YES;
				GCC_C_LANGUAGE_STANDARD = gnu11;
				GCC_DYNAMIC_NO_PIC = NO;
				GCC_NO_COMMON_BLOCKS = YES;
				GCC_OPTIMIZATION_LEVEL = 0;
				GCC_PREPROCESSOR_DEFINITIONS = (
					"DEBUG=1",
					"$(inherited)",
				);
				GCC_WARN_64_TO_32_BIT_CONVERSION = YES;
				GCC_WARN_ABOUT_RETURN_TYPE = YES_ERROR;
				GCC_WARN_UNDECLARED_SELECTOR = YES;
				GCC_WARN_UNINITIALIZED_AUTOS = YES_AGGRESSIVE;
				GCC_WARN_UNUSED_FUNCTION = YES;
				GCC_WARN_UNUSED_VARIABLE = YES;
				IPHONEOS_DEPLOYMENT_TARGET = 14.3;
				MTL_ENABLE_DEBUG_INFO = INCLUDE_SOURCE;
				MTL_FAST_MATH = YES;
				ONLY_ACTIVE_ARCH = YES;
				SDKROOT = iphoneos;
				SWIFT_ACTIVE_COMPILATION_CONDITIONS = DEBUG;
				SWIFT_OPTIMIZATION_LEVEL = "-Onone";
			};
			name = Debug;
		};
		78698A2127F1B9A400519CA6 /* Release */ = {
			isa = XCBuildConfiguration;
			buildSettings = {
				ALWAYS_SEARCH_USER_PATHS = NO;
				CLANG_ANALYZER_NONNULL = YES;
				CLANG_ANALYZER_NUMBER_OBJECT_CONVERSION = YES_AGGRESSIVE;
				CLANG_CXX_LANGUAGE_STANDARD = "gnu++14";
				CLANG_CXX_LIBRARY = "libc++";
				CLANG_ENABLE_MODULES = YES;
				CLANG_ENABLE_OBJC_ARC = YES;
				CLANG_ENABLE_OBJC_WEAK = YES;
				CLANG_WARN_BLOCK_CAPTURE_AUTORELEASING = YES;
				CLANG_WARN_BOOL_CONVERSION = YES;
				CLANG_WARN_COMMA = YES;
				CLANG_WARN_CONSTANT_CONVERSION = YES;
				CLANG_WARN_DEPRECATED_OBJC_IMPLEMENTATIONS = YES;
				CLANG_WARN_DIRECT_OBJC_ISA_USAGE = YES_ERROR;
				CLANG_WARN_DOCUMENTATION_COMMENTS = YES;
				CLANG_WARN_EMPTY_BODY = YES;
				CLANG_WARN_ENUM_CONVERSION = YES;
				CLANG_WARN_INFINITE_RECURSION = YES;
				CLANG_WARN_INT_CONVERSION = YES;
				CLANG_WARN_NON_LITERAL_NULL_CONVERSION = YES;
				CLANG_WARN_OBJC_IMPLICIT_RETAIN_SELF = YES;
				CLANG_WARN_OBJC_LITERAL_CONVERSION = YES;
				CLANG_WARN_OBJC_ROOT_CLASS = YES_ERROR;
				CLANG_WARN_QUOTED_INCLUDE_IN_FRAMEWORK_HEADER = YES;
				CLANG_WARN_RANGE_LOOP_ANALYSIS = YES;
				CLANG_WARN_STRICT_PROTOTYPES = YES;
				CLANG_WARN_SUSPICIOUS_MOVE = YES;
				CLANG_WARN_UNGUARDED_AVAILABILITY = YES_AGGRESSIVE;
				CLANG_WARN_UNREACHABLE_CODE = YES;
				CLANG_WARN__DUPLICATE_METHOD_MATCH = YES;
				COPY_PHASE_STRIP = NO;
				DEBUG_INFORMATION_FORMAT = "dwarf-with-dsym";
				ENABLE_NS_ASSERTIONS = NO;
				ENABLE_STRICT_OBJC_MSGSEND = YES;
				GCC_C_LANGUAGE_STANDARD = gnu11;
				GCC_NO_COMMON_BLOCKS = YES;
				GCC_WARN_64_TO_32_BIT_CONVERSION = YES;
				GCC_WARN_ABOUT_RETURN_TYPE = YES_ERROR;
				GCC_WARN_UNDECLARED_SELECTOR = YES;
				GCC_WARN_UNINITIALIZED_AUTOS = YES_AGGRESSIVE;
				GCC_WARN_UNUSED_FUNCTION = YES;
				GCC_WARN_UNUSED_VARIABLE = YES;
				IPHONEOS_DEPLOYMENT_TARGET = 14.3;
				MTL_ENABLE_DEBUG_INFO = NO;
				MTL_FAST_MATH = YES;
				SDKROOT = iphoneos;
				SWIFT_COMPILATION_MODE = wholemodule;
				SWIFT_OPTIMIZATION_LEVEL = "-O";
				VALIDATE_PRODUCT = YES;
			};
			name = Release;
		};
		78698A2327F1B9A400519CA6 /* Debug */ = {
			isa = XCBuildConfiguration;
			buildSettings = {
				ASSETCATALOG_COMPILER_APPICON_NAME = AppIcon;
				ASSETCATALOG_COMPILER_GLOBAL_ACCENT_COLOR_NAME = AccentColor;
				CODE_SIGN_STYLE = Automatic;
				INFOPLIST_FILE = progressView/Info.plist;
				IPHONEOS_DEPLOYMENT_TARGET = 14.3;
				LD_RUNPATH_SEARCH_PATHS = (
					"$(inherited)",
					"@executable_path/Frameworks",
				);
				PRODUCT_BUNDLE_IDENTIFIER = "Apple-Inc.progressView";
				PRODUCT_NAME = "$(TARGET_NAME)";
				SWIFT_VERSION = 5.0;
				TARGETED_DEVICE_FAMILY = "1,2";
			};
			name = Debug;
		};
		78698A2427F1B9A400519CA6 /* Release */ = {
			isa = XCBuildConfiguration;
			buildSettings = {
				ASSETCATALOG_COMPILER_APPICON_NAME = AppIcon;
				ASSETCATALOG_COMPILER_GLOBAL_ACCENT_COLOR_NAME = AccentColor;
				CODE_SIGN_STYLE = Automatic;
				INFOPLIST_FILE = progressView/Info.plist;
				IPHONEOS_DEPLOYMENT_TARGET = 14.3;
				LD_RUNPATH_SEARCH_PATHS = (
					"$(inherited)",
					"@executable_path/Frameworks",
				);
				PRODUCT_BUNDLE_IDENTIFIER = "Apple-Inc.progressView";
				PRODUCT_NAME = "$(TARGET_NAME)";
				SWIFT_VERSION = 5.0;
				TARGETED_DEVICE_FAMILY = "1,2";
			};
			name = Release;
		};
/* End XCBuildConfiguration section */

/* Begin XCConfigurationList section */
		78698A0627F1B9A100519CA6 /* Build configuration list for PBXProject "progressView" */ = {
			isa = XCConfigurationList;
			buildConfigurations = (
				78698A2027F1B9A400519CA6 /* Debug */,
				78698A2127F1B9A400519CA6 /* Release */,
			);
			defaultConfigurationIsVisible = 0;
			defaultConfigurationName = Release;
		};
		78698A2227F1B9A400519CA6 /* Build configuration list for PBXNativeTarget "progressView" */ = {
			isa = XCConfigurationList;
			buildConfigurations = (
				78698A2327F1B9A400519CA6 /* Debug */,
				78698A2427F1B9A400519CA6 /* Release */,
			);
			defaultConfigurationIsVisible = 0;
			defaultConfigurationName = Release;
		};
/* End XCConfigurationList section */

/* Begin XCVersionGroup section */
		78698A1727F1B9A200519CA6 /* progressView.xcdatamodeld */ = {
			isa = XCVersionGroup;
			children = (
				78698A1827F1B9A200519CA6 /* progressView.xcdatamodel */,
			);
			currentVersion = 78698A1827F1B9A200519CA6 /* progressView.xcdatamodel */;
			path = progressView.xcdatamodeld;
			sourceTree = "<group>";
			versionGroupType = wrapper.xcdatamodel;
		};
/* End XCVersionGroup section */
	};
	rootObject = 78698A0327F1B9A100519CA6 /* Project object */;
}
